<?xml version="1.0" encoding="utf-8"?>
<Project ToolsVersion="4.0" xmlns="http://schemas.microsoft.com/developer/msbuild/2003">
  <ItemGroup>
    <ClCompile Include="main.cpp" />
    <ClCompile Include="Adapter\LWP.cpp">
      <Filter>Adapter</Filter>
    </ClCompile>
    <ClCompile Include="Adapter\component\Input.cpp">
      <Filter>Adapter\component</Filter>
    </ClCompile>
    <ClCompile Include="Adapter\component\Information.cpp">
      <Filter>Adapter\component</Filter>
    </ClCompile>
    <ClCompile Include="Adapter\component\Primitive.cpp">
      <Filter>Adapter\component</Filter>
    </ClCompile>
    <ClCompile Include="Adapter\component\Resource.cpp">
      <Filter>Adapter\component</Filter>
    </ClCompile>
    <ClCompile Include="Adapter\component\Object.cpp">
      <Filter>Adapter\component</Filter>
    </ClCompile>
    <ClCompile Include="Adapter\component\System.cpp">
      <Filter>Adapter\component</Filter>
    </ClCompile>
    <ClCompile Include="Externals\imgui\imgui.cpp">
      <Filter>Externals\imgui</Filter>
    </ClCompile>
    <ClCompile Include="Externals\imgui\imgui_demo.cpp">
      <Filter>Externals\imgui</Filter>
    </ClCompile>
    <ClCompile Include="Externals\imgui\imgui_draw.cpp">
      <Filter>Externals\imgui</Filter>
    </ClCompile>
    <ClCompile Include="Externals\imgui\imgui_impl_dx12.cpp">
      <Filter>Externals\imgui</Filter>
    </ClCompile>
    <ClCompile Include="Externals\imgui\imgui_impl_win32.cpp">
      <Filter>Externals\imgui</Filter>
    </ClCompile>
    <ClCompile Include="Externals\imgui\imgui_tables.cpp">
      <Filter>Externals\imgui</Filter>
    </ClCompile>
    <ClCompile Include="Externals\imgui\imgui_widgets.cpp">
      <Filter>Externals\imgui</Filter>
    </ClCompile>
    <ClCompile Include="Engine\base\WinApp.cpp">
      <Filter>Engine\base</Filter>
    </ClCompile>
    <ClCompile Include="Engine\base\ImGuiManager.cpp">
      <Filter>Engine\base</Filter>
    </ClCompile>
    <ClCompile Include="Engine\input\InputManager.cpp">
      <Filter>Engine\input</Filter>
    </ClCompile>
    <ClCompile Include="Engine\input\keyboard\DIKeyboard.cpp">
      <Filter>Engine\input\keyboard</Filter>
    </ClCompile>
    <ClCompile Include="Engine\math\vector\Vector2.cpp">
      <Filter>Engine\math\vector</Filter>
    </ClCompile>
    <ClCompile Include="Engine\math\vector\Vector3.cpp">
      <Filter>Engine\math\vector</Filter>
    </ClCompile>
    <ClCompile Include="Engine\math\vector\Vector4.cpp">
      <Filter>Engine\math\vector</Filter>
    </ClCompile>
    <ClCompile Include="Engine\math\matrix\Matrix3x3.cpp">
      <Filter>Engine\math\matrix</Filter>
    </ClCompile>
    <ClCompile Include="Engine\math\matrix\Matrix4x4.cpp">
      <Filter>Engine\math\matrix</Filter>
    </ClCompile>
    <ClCompile Include="Engine\object\ObjectManager.cpp">
      <Filter>Engine\object</Filter>
    </ClCompile>
    <ClCompile Include="Engine\object\WorldTransform.cpp">
      <Filter>Engine\object</Filter>
    </ClCompile>
    <ClCompile Include="Engine\object\core\Camera.cpp">
      <Filter>Engine\object\core</Filter>
    </ClCompile>
    <ClCompile Include="Engine\primitive\PrimitiveManager.cpp">
      <Filter>Engine\primitive</Filter>
    </ClCompile>
    <ClCompile Include="Engine\primitive\IPrimitive.cpp">
      <Filter>Engine\primitive</Filter>
    </ClCompile>
    <ClCompile Include="Engine\primitive\3d\Mesh.cpp">
      <Filter>Engine\primitive\3d</Filter>
    </ClCompile>
    <ClCompile Include="Engine\primitive\3d\Sphere.cpp">
      <Filter>Engine\primitive\3d</Filter>
    </ClCompile>
    <ClCompile Include="Engine\primitive\2d\Triangle.cpp">
      <Filter>Engine\primitive\2d</Filter>
    </ClCompile>
    <ClCompile Include="Engine\primitive\2d\Surface.cpp">
      <Filter>Engine\primitive\2d</Filter>
    </ClCompile>
    <ClCompile Include="Engine\resources\ResourceManager.cpp">
      <Filter>Engine\resources</Filter>
    </ClCompile>
    <ClCompile Include="Engine\resources\material\Material.cpp">
      <Filter>Engine\resources\material</Filter>
    </ClCompile>
    <ClCompile Include="Engine\resources\texture\Texture.cpp">
      <Filter>Engine\resources\texture</Filter>
    </ClCompile>
    <ClCompile Include="Engine\scene\SceneManager.cpp">
      <Filter>Engine\scene</Filter>
    </ClCompile>
    <ClCompile Include="Engine\utility\Color.cpp">
      <Filter>Engine\utilitiy</Filter>
    </ClCompile>
    <ClCompile Include="Engine\utility\MyUtility.cpp">
      <Filter>Engine\utilitiy</Filter>
    </ClCompile>
    <ClCompile Include="Class\Map\MapManager.cpp">
      <Filter>Class\Map</Filter>
    </ClCompile>
    <ClCompile Include="Class\Hammer\Hammer.cpp">
      <Filter>Class\Hammer</Filter>
    </ClCompile>
    <ClCompile Include="Class\Map\ShockWave.cpp">
      <Filter>Class\Map</Filter>
    </ClCompile>
    <ClCompile Include="Class\Map\MapChip.cpp">
      <Filter>Class\Map</Filter>
    </ClCompile>
    <ClCompile Include="Engine\info\DebugTimer.cpp">
      <Filter>Engine\info</Filter>
    </ClCompile>
    <ClCompile Include="Class\Mob\IMob.cpp">
      <Filter>Class\Mob</Filter>
    </ClCompile>
    <ClCompile Include="Class\Mob\MobManager.cpp">
      <Filter>Class\Mob</Filter>
    </ClCompile>
    <ClCompile Include="Class\Mob\Derived\DefenseObject.cpp">
      <Filter>Class\Mob\Derived</Filter>
    </ClCompile>
    <ClCompile Include="Class\Mob\Derived\Enemy.cpp">
      <Filter>Class\Mob\Derived</Filter>
    </ClCompile>
    <ClCompile Include="Engine\base\DirectXCommon.cpp">
      <Filter>Engine\base</Filter>
    </ClCompile>
    <ClCompile Include="Engine\base\directX\GPUDevice.cpp">
      <Filter>Engine\base\directX</Filter>
    </ClCompile>
    <ClCompile Include="Engine\base\directX\descriptorHeap\IDescriptorHeap.cpp">
      <Filter>Engine\base\directX\descriptorHeap</Filter>
    </ClCompile>
    <ClCompile Include="Engine\base\directX\descriptorHeap\RTV.cpp">
      <Filter>Engine\base\directX\descriptorHeap</Filter>
    </ClCompile>
    <ClCompile Include="Engine\base\directX\descriptorHeap\SRV.cpp">
      <Filter>Engine\base\directX\descriptorHeap</Filter>
    </ClCompile>
    <ClCompile Include="Engine\base\directX\descriptorHeap\DSV.cpp">
      <Filter>Engine\base\directX\descriptorHeap</Filter>
    </ClCompile>
    <ClCompile Include="Engine\base\directX\command\CommandManager.cpp">
      <Filter>Engine\base\directX\command</Filter>
    </ClCompile>
    <ClCompile Include="Engine\base\directX\command\PSO.cpp">
      <Filter>Engine\base\directX\command</Filter>
    </ClCompile>
    <ClCompile Include="Engine\base\directX\command\ICommand.cpp">
      <Filter>Engine\base\directX\command</Filter>
    </ClCompile>
    <ClCompile Include="Engine\input\controller\DIController.cpp">
      <Filter>Engine\input\controller</Filter>
    </ClCompile>
    <ClCompile Include="Engine\resources\audio\Audio.cpp">
      <Filter>Engine\resources\audio</Filter>
    </ClCompile>
    <ClCompile Include="Class\Ease\Easing.cpp">
      <Filter>Class\Ease</Filter>
    </ClCompile>
    <ClCompile Include="Class\Skydome\Skydome.cpp">
      <Filter>Class\Skydome</Filter>
    </ClCompile>
    <ClCompile Include="Class\Tambourine\Tambourine.cpp">
      <Filter>Class\Tambourine</Filter>
    </ClCompile>
    <ClCompile Include="Engine\utility\Observer.cpp">
      <Filter>Engine\utilitiy</Filter>
    </ClCompile>
    <ClCompile Include="Engine\scene\user\SampleGameScene.cpp">
      <Filter>Engine\scene\user</Filter>
    </ClCompile>
    <ClCompile Include="Engine\scene\user\SampleTitle.cpp">
      <Filter>Engine\scene\user</Filter>
    </ClCompile>
    <ClCompile Include="Externals\imgui\imgui_stdlib.cpp">
      <Filter>Externals\imgui</Filter>
    </ClCompile>
    <ClCompile Include="Engine\object\core\light\PointLight.cpp">
      <Filter>Engine\object\core\light</Filter>
    </ClCompile>
    <ClCompile Include="Engine\base\directX\command\Derived\MainCommand.cpp">
      <Filter>Engine\base\directX\command\Derived</Filter>
    </ClCompile>
    <ClCompile Include="Engine\base\directX\command\Derived\ShadowMapCommand.cpp">
      <Filter>Engine\base\directX\command\Derived</Filter>
    </ClCompile>
  </ItemGroup>
  <ItemGroup>
    <ClInclude Include="Adapter\Adapter.h">
      <Filter>Adapter</Filter>
    </ClInclude>
    <ClInclude Include="Adapter\LWP.h">
      <Filter>Adapter</Filter>
    </ClInclude>
    <ClInclude Include="Adapter\component\Input.h">
      <Filter>Adapter\component</Filter>
    </ClInclude>
    <ClInclude Include="Adapter\component\Information.h">
      <Filter>Adapter\component</Filter>
    </ClInclude>
    <ClInclude Include="Adapter\component\Primitive.h">
      <Filter>Adapter\component</Filter>
    </ClInclude>
    <ClInclude Include="Adapter\component\Resource.h">
      <Filter>Adapter\component</Filter>
    </ClInclude>
    <ClInclude Include="Adapter\component\Object.h">
      <Filter>Adapter\component</Filter>
    </ClInclude>
    <ClInclude Include="Adapter\component\System.h">
      <Filter>Adapter\component</Filter>
    </ClInclude>
    <ClInclude Include="Externals\imgui\imgui.h">
      <Filter>Externals\imgui</Filter>
    </ClInclude>
    <ClInclude Include="Externals\imgui\imgui_impl_dx12.h">
      <Filter>Externals\imgui</Filter>
    </ClInclude>
    <ClInclude Include="Externals\imgui\imgui_impl_win32.h">
      <Filter>Externals\imgui</Filter>
    </ClInclude>
    <ClInclude Include="Externals\imgui\imgui_internal.h">
      <Filter>Externals\imgui</Filter>
    </ClInclude>
    <ClInclude Include="Engine\base\WinApp.h">
      <Filter>Engine\base</Filter>
    </ClInclude>
    <ClInclude Include="Engine\base\ImGuiManager.h">
      <Filter>Engine\base</Filter>
    </ClInclude>
    <ClInclude Include="Engine\input\InputManager.h">
      <Filter>Engine\input</Filter>
    </ClInclude>
    <ClInclude Include="Engine\input\keyboard\DIKeyboard.h">
      <Filter>Engine\input\keyboard</Filter>
    </ClInclude>
    <ClInclude Include="Engine\math\Math.h">
      <Filter>Engine\math</Filter>
    </ClInclude>
    <ClInclude Include="Engine\math\vector\Vector2.h">
      <Filter>Engine\math\vector</Filter>
    </ClInclude>
    <ClInclude Include="Engine\math\vector\Vector3.h">
      <Filter>Engine\math\vector</Filter>
    </ClInclude>
    <ClInclude Include="Engine\math\vector\Vector4.h">
      <Filter>Engine\math\vector</Filter>
    </ClInclude>
    <ClInclude Include="Engine\math\matrix\Matrix3x3.h">
      <Filter>Engine\math\matrix</Filter>
    </ClInclude>
    <ClInclude Include="Engine\math\matrix\Matrix4x4.h">
      <Filter>Engine\math\matrix</Filter>
    </ClInclude>
    <ClInclude Include="Engine\object\IObject.h">
      <Filter>Engine\object</Filter>
    </ClInclude>
    <ClInclude Include="Engine\object\ObjectManager.h">
      <Filter>Engine\object</Filter>
    </ClInclude>
    <ClInclude Include="Engine\object\WorldTransform.h">
      <Filter>Engine\object</Filter>
    </ClInclude>
    <ClInclude Include="Engine\object\core\CoreList.h">
      <Filter>Engine\object\core</Filter>
    </ClInclude>
    <ClInclude Include="Engine\object\core\Camera.h">
      <Filter>Engine\object\core</Filter>
    </ClInclude>
    <ClInclude Include="Engine\primitive\PrimitiveManager.h">
      <Filter>Engine\primitive</Filter>
    </ClInclude>
    <ClInclude Include="Engine\primitive\IPrimitive.h">
      <Filter>Engine\primitive</Filter>
    </ClInclude>
    <ClInclude Include="Engine\primitive\3d\3dList.h">
      <Filter>Engine\primitive\3d</Filter>
    </ClInclude>
    <ClInclude Include="Engine\primitive\3d\Mesh.h">
      <Filter>Engine\primitive\3d</Filter>
    </ClInclude>
    <ClInclude Include="Engine\primitive\3d\Sphere.h">
      <Filter>Engine\primitive\3d</Filter>
    </ClInclude>
    <ClInclude Include="Engine\primitive\2d\2dList.h">
      <Filter>Engine\primitive\2d</Filter>
    </ClInclude>
    <ClInclude Include="Engine\primitive\2d\Triangle.h">
      <Filter>Engine\primitive\2d</Filter>
    </ClInclude>
    <ClInclude Include="Engine\primitive\2d\Surface.h">
      <Filter>Engine\primitive\2d</Filter>
    </ClInclude>
    <ClInclude Include="Engine\resources\ResourceManager.h">
      <Filter>Engine\resources</Filter>
    </ClInclude>
    <ClInclude Include="Engine\resources\material\Material.h">
      <Filter>Engine\resources\material</Filter>
    </ClInclude>
    <ClInclude Include="Engine\resources\texture\Texture.h">
      <Filter>Engine\resources\texture</Filter>
    </ClInclude>
    <ClInclude Include="Externals\imgui\imconfig.h">
      <Filter>Externals\imgui</Filter>
    </ClInclude>
    <ClInclude Include="Externals\imgui\imstb_rectpack.h">
      <Filter>Externals\imgui</Filter>
    </ClInclude>
    <ClInclude Include="Externals\imgui\imstb_textedit.h">
      <Filter>Externals\imgui</Filter>
    </ClInclude>
    <ClInclude Include="Externals\imgui\imstb_truetype.h">
      <Filter>Externals\imgui</Filter>
    </ClInclude>
    <ClInclude Include="Engine\scene\SceneManager.h">
      <Filter>Engine\scene</Filter>
    </ClInclude>
    <ClInclude Include="Engine\scene\IScene.h">
      <Filter>Engine\scene</Filter>
    </ClInclude>
    <ClInclude Include="Engine\utility\Color.h">
      <Filter>Engine\utilitiy</Filter>
    </ClInclude>
    <ClInclude Include="Engine\utility\MyUtility.h">
      <Filter>Engine\utilitiy</Filter>
    </ClInclude>
    <ClInclude Include="Engine\utility\ErrorReporter.h">
      <Filter>Engine\utilitiy</Filter>
    </ClInclude>
    <ClInclude Include="Class\Map\MapManager.h">
      <Filter>Class\Map</Filter>
    </ClInclude>
    <ClInclude Include="Class\Hammer\Hammer.h">
      <Filter>Class\Hammer</Filter>
    </ClInclude>
    <ClInclude Include="Class\Map\ShockWave.h">
      <Filter>Class\Map</Filter>
    </ClInclude>
    <ClInclude Include="Class\Map\MapChip.h">
      <Filter>Class\Map</Filter>
    </ClInclude>
    <ClInclude Include="Engine\info\DebugTimer.h">
      <Filter>Engine\info</Filter>
    </ClInclude>
    <ClInclude Include="Class\Mob\IMob.h">
      <Filter>Class\Mob</Filter>
    </ClInclude>
    <ClInclude Include="Class\Mob\MobManager.h">
      <Filter>Class\Mob</Filter>
    </ClInclude>
    <ClInclude Include="Class\Mob\Derived\DefenseObject.h">
      <Filter>Class\Mob\Derived</Filter>
    </ClInclude>
    <ClInclude Include="Class\Mob\Derived\Enemy.h">
      <Filter>Class\Mob\Derived</Filter>
    </ClInclude>
    <ClInclude Include="Engine\base\DirectXCommon.h">
      <Filter>Engine\base</Filter>
    </ClInclude>
    <ClInclude Include="Engine\base\directX\GPUDevice.h">
      <Filter>Engine\base\directX</Filter>
    </ClInclude>
    <ClInclude Include="Engine\base\directX\descriptorHeap\IDescriptorHeap.h">
      <Filter>Engine\base\directX\descriptorHeap</Filter>
    </ClInclude>
    <ClInclude Include="Engine\base\directX\descriptorHeap\RTV.h">
      <Filter>Engine\base\directX\descriptorHeap</Filter>
    </ClInclude>
    <ClInclude Include="Engine\base\directX\descriptorHeap\SRV.h">
      <Filter>Engine\base\directX\descriptorHeap</Filter>
    </ClInclude>
    <ClInclude Include="Engine\base\directX\descriptorHeap\DSV.h">
      <Filter>Engine\base\directX\descriptorHeap</Filter>
    </ClInclude>
    <ClInclude Include="Engine\base\directX\command\CommandManager.h">
      <Filter>Engine\base\directX\command</Filter>
    </ClInclude>
    <ClInclude Include="Engine\base\directX\command\ResourceStruct.h">
      <Filter>Engine\base\directX\command</Filter>
    </ClInclude>
    <ClInclude Include="Engine\base\directX\command\ICommand.h">
      <Filter>Engine\base\directX\command</Filter>
    </ClInclude>
    <ClInclude Include="Engine\base\directX\command\PSO.h">
      <Filter>Engine\base\directX\command</Filter>
    </ClInclude>
    <ClInclude Include="Engine\input\controller\DIController.h">
      <Filter>Engine\input\controller</Filter>
    </ClInclude>
    <ClInclude Include="Engine\resources\audio\Audio.h">
      <Filter>Engine\resources\audio</Filter>
    </ClInclude>
    <ClInclude Include="Class\Ease\Easing.h">
      <Filter>Class\Ease</Filter>
    </ClInclude>
    <ClInclude Include="Class\Skydome\Skydome.h">
      <Filter>Class\Skydome</Filter>
    </ClInclude>
    <ClInclude Include="Class\Tambourine\Tambourine.h">
      <Filter>Class\Tambourine</Filter>
    </ClInclude>
    <ClInclude Include="Engine\utility\Observer.h">
      <Filter>Engine\utilitiy</Filter>
    </ClInclude>
    <ClInclude Include="Adapter\Config.h">
      <Filter>Adapter</Filter>
    </ClInclude>
    <ClInclude Include="Engine\scene\user\SampleTitle.h">
      <Filter>Engine\scene\user</Filter>
    </ClInclude>
    <ClInclude Include="Engine\scene\user\SampleGameScene.h">
      <Filter>Engine\scene\user</Filter>
    </ClInclude>
    <ClInclude Include="Externals\imgui\imgui_stdlib.h">
      <Filter>Externals\imgui</Filter>
    </ClInclude>
    <ClInclude Include="Engine\object\core\light\PointLight.h">
      <Filter>Engine\object\core\light</Filter>
    </ClInclude>
    <ClInclude Include="Engine\base\directX\command\Derived\MainCommand.h">
      <Filter>Engine\base\directX\command\Derived</Filter>
    </ClInclude>
    <ClInclude Include="Engine\base\directX\command\Derived\ShadowMapCommand.h">
      <Filter>Engine\base\directX\command\Derived</Filter>
    </ClInclude>
  </ItemGroup>
  <ItemGroup>
    <None Include=".editorconfig" />
    <None Include="resources\system\shaders\Object3d.hlsli">
      <Filter>Engine\resources\shaders</Filter>
    </None>
  </ItemGroup>
  <ItemGroup>
    <Filter Include="Engine">
      <UniqueIdentifier>{22234a31-7c5a-46d8-be5d-dec0ded496f5}</UniqueIdentifier>
    </Filter>
    <Filter Include="Externals">
      <UniqueIdentifier>{9f831be6-8ef5-4946-b6f6-3f5ad5a174fd}</UniqueIdentifier>
    </Filter>
    <Filter Include="Externals\imgui">
      <UniqueIdentifier>{b3784c2d-ca3a-4b94-8cb1-3b6cda3cd414}</UniqueIdentifier>
    </Filter>
    <Filter Include="Engine\base">
      <UniqueIdentifier>{475d57e9-a61e-461d-ae3a-eb5c492610e3}</UniqueIdentifier>
    </Filter>
    <Filter Include="Engine\input">
      <UniqueIdentifier>{81360c44-81cf-410e-a5b3-c59d962c335b}</UniqueIdentifier>
    </Filter>
    <Filter Include="Engine\input\keyboard">
      <UniqueIdentifier>{35d0d073-9aa8-4c6c-b10f-f29e5babfe94}</UniqueIdentifier>
    </Filter>
    <Filter Include="Engine\input\controller">
      <UniqueIdentifier>{3201848e-b2d1-4034-a202-302f6523e5cd}</UniqueIdentifier>
    </Filter>
    <Filter Include="Engine\math">
      <UniqueIdentifier>{6d0b393f-4b97-4b76-9173-266a7c34318c}</UniqueIdentifier>
    </Filter>
    <Filter Include="Engine\math\vector">
      <UniqueIdentifier>{555d00fb-9db9-4bc8-878c-47a0ea9ae714}</UniqueIdentifier>
    </Filter>
    <Filter Include="Engine\math\matrix">
      <UniqueIdentifier>{2b19e2be-c339-4687-9511-10a76e9579d7}</UniqueIdentifier>
    </Filter>
    <Filter Include="Engine\object">
      <UniqueIdentifier>{6fd0e238-d168-4d0f-864a-458693e0a15a}</UniqueIdentifier>
    </Filter>
    <Filter Include="Engine\object\core">
      <UniqueIdentifier>{14b23d91-589d-429f-b0d8-70fc17a034e1}</UniqueIdentifier>
    </Filter>
    <Filter Include="Engine\object\user">
      <UniqueIdentifier>{66b7ab0e-c424-446a-bfe6-ab374be49187}</UniqueIdentifier>
    </Filter>
    <Filter Include="Engine\primitive">
      <UniqueIdentifier>{b19cce8c-d886-4e1a-bf91-3b61d3281892}</UniqueIdentifier>
    </Filter>
    <Filter Include="Engine\primitive\3d">
      <UniqueIdentifier>{dae23e25-4f32-469f-9849-f8f229fe86d6}</UniqueIdentifier>
    </Filter>
    <Filter Include="Engine\primitive\2d">
      <UniqueIdentifier>{7ae55cb9-7c63-4cf3-8098-9a03f6cff897}</UniqueIdentifier>
    </Filter>
    <Filter Include="Engine\resources">
      <UniqueIdentifier>{63f38f0f-3aff-4930-9679-1b1002a98808}</UniqueIdentifier>
    </Filter>
    <Filter Include="Engine\resources\material">
      <UniqueIdentifier>{8b5a09f0-eefe-4e9d-a55b-76b2f47c7b9d}</UniqueIdentifier>
    </Filter>
    <Filter Include="Engine\resources\shaders">
      <UniqueIdentifier>{e6cf0b3d-2f65-47d4-ab8a-8bb4f969be95}</UniqueIdentifier>
    </Filter>
    <Filter Include="Engine\resources\texture">
      <UniqueIdentifier>{143ff35b-fe99-42b5-bf01-8b207a3c4f7b}</UniqueIdentifier>
    </Filter>
    <Filter Include="Engine\resources\audio">
      <UniqueIdentifier>{b526e211-0e2c-4079-83c6-bce9d67a08fe}</UniqueIdentifier>
    </Filter>
    <Filter Include="Engine\utilitiy">
      <UniqueIdentifier>{248bf45a-0c7d-4a30-9391-5cdb28b3cbcd}</UniqueIdentifier>
    </Filter>
    <Filter Include="Class">
      <UniqueIdentifier>{1f9df0e8-8c72-45df-9278-04bdfb3bd6b1}</UniqueIdentifier>
    </Filter>
    <Filter Include="Class\Map">
      <UniqueIdentifier>{e1de4176-31ee-497c-834d-55629804adf4}</UniqueIdentifier>
    </Filter>
    <Filter Include="Class\Hammer">
      <UniqueIdentifier>{f2d1745d-494e-44ae-83ba-19e26540f9b2}</UniqueIdentifier>
    </Filter>
    <Filter Include="Adapter">
      <UniqueIdentifier>{6f9bea3b-c4e6-4c49-9886-547942559018}</UniqueIdentifier>
    </Filter>
    <Filter Include="Adapter\component">
      <UniqueIdentifier>{46ee6907-d890-4f7c-a9bd-cfcd8da7e998}</UniqueIdentifier>
    </Filter>
    <Filter Include="Engine\info">
      <UniqueIdentifier>{1d859269-30c1-4a67-825c-4bbef6db24b2}</UniqueIdentifier>
    </Filter>
    <Filter Include="Class\Mob">
      <UniqueIdentifier>{743a3501-c0a8-46af-a8ff-80dc57708e89}</UniqueIdentifier>
    </Filter>
    <Filter Include="Class\Mob\Derived">
      <UniqueIdentifier>{b78425e2-876a-4fc2-8102-2c1ba751a431}</UniqueIdentifier>
    </Filter>
    <Filter Include="Engine\base\directX">
      <UniqueIdentifier>{c179b36e-9877-47a2-ba8a-9b2a96ef3d2e}</UniqueIdentifier>
    </Filter>
    <Filter Include="Engine\base\directX\descriptorHeap">
      <UniqueIdentifier>{89f131fc-3cd1-4d6d-b6a7-a88f69bf7b16}</UniqueIdentifier>
    </Filter>
    <Filter Include="Engine\base\directX\command">
      <UniqueIdentifier>{60100a09-802c-4da4-904f-ccf44e31b290}</UniqueIdentifier>
    </Filter>
    <Filter Include="Class\Ease">
      <UniqueIdentifier>{7e11bda2-6456-4497-a71e-dda4a6d1ce6c}</UniqueIdentifier>
    </Filter>
    <Filter Include="Class\Skydome">
      <UniqueIdentifier>{804ed76a-be55-4774-9abc-32a32240d01a}</UniqueIdentifier>
    </Filter>
    <Filter Include="Class\Tambourine">
      <UniqueIdentifier>{be3db6a3-24de-43ef-945c-2ba7dae4db5e}</UniqueIdentifier>
    </Filter>
    <Filter Include="Engine\scene">
      <UniqueIdentifier>{093777cc-1db7-443d-b68b-e527690c6c7b}</UniqueIdentifier>
    </Filter>
    <Filter Include="Engine\scene\user">
      <UniqueIdentifier>{960e4147-4156-4275-832b-89f6c6c61824}</UniqueIdentifier>
    </Filter>
    <Filter Include="Engine\object\core\light">
      <UniqueIdentifier>{d7b05c18-6249-4f61-8559-8af414e7835e}</UniqueIdentifier>
    </Filter>
    <Filter Include="Engine\base\directX\command\Derived">
      <UniqueIdentifier>{5e93e1c4-b2c1-4c36-bae5-07b1bf3df8b8}</UniqueIdentifier>
    </Filter>
  </ItemGroup>
  <ItemGroup>
    <FxCompile Include="resources\system\shaders\Object3d.PS.hlsl">
      <Filter>Engine\resources\shaders</Filter>
    </FxCompile>
    <FxCompile Include="resources\system\shaders\Object3d.VS.hlsl">
      <Filter>Engine\resources\shaders</Filter>
    </FxCompile>
    <FxCompile Include="resources\system\shaders\ShadowMap.VS.hlsl">
      <Filter>Engine\resources\shaders</Filter>
    </FxCompile>
  </ItemGroup>
</Project>