<?xml version="1.0" encoding="utf-8"?>
<Project ToolsVersion="4.0" xmlns="http://schemas.microsoft.com/developer/msbuild/2003">
  <ItemGroup>
    <FxCompile Include="Engine\resources\shaders\Object3d.PS.hlsl">
      <Filter>Engine\resources\shaders</Filter>
    </FxCompile>
    <FxCompile Include="Engine\resources\shaders\Object3d.VS.hlsl">
      <Filter>Engine\resources\shaders</Filter>
    </FxCompile>
  </ItemGroup>
  <ItemGroup>
    <ClCompile Include="main.cpp" />
    <ClCompile Include="Adapter\LWP.cpp">
      <Filter>Adaptor</Filter>
    </ClCompile>
    <ClCompile Include="Adapter\component\Input.cpp">
      <Filter>Adaptor\component</Filter>
    </ClCompile>
    <ClCompile Include="Adapter\component\Information.cpp">
      <Filter>Adaptor\component</Filter>
    </ClCompile>
    <ClCompile Include="Adapter\component\Primitive.cpp">
      <Filter>Adaptor\component</Filter>
    </ClCompile>
    <ClCompile Include="Adapter\component\Resource.cpp">
      <Filter>Adaptor\component</Filter>
    </ClCompile>
    <ClCompile Include="Adapter\component\Object.cpp">
      <Filter>Adaptor\component</Filter>
    </ClCompile>
    <ClCompile Include="Adapter\component\System.cpp">
      <Filter>Adaptor\component</Filter>
    </ClCompile>
    <ClCompile Include="Externals\imgui\imgui.cpp">
      <Filter>Externals\imgui</Filter>
    </ClCompile>
    <ClCompile Include="Externals\imgui\imgui_demo.cpp">
      <Filter>Externals\imgui</Filter>
    </ClCompile>
    <ClCompile Include="Externals\imgui\imgui_draw.cpp">
      <Filter>Externals\imgui</Filter>
    </ClCompile>
    <ClCompile Include="Externals\imgui\imgui_impl_dx12.cpp">
      <Filter>Externals\imgui</Filter>
    </ClCompile>
    <ClCompile Include="Externals\imgui\imgui_impl_win32.cpp">
      <Filter>Externals\imgui</Filter>
    </ClCompile>
    <ClCompile Include="Externals\imgui\imgui_tables.cpp">
      <Filter>Externals\imgui</Filter>
    </ClCompile>
    <ClCompile Include="Externals\imgui\imgui_widgets.cpp">
      <Filter>Externals\imgui</Filter>
    </ClCompile>
    <ClCompile Include="Engine\base\CommandManager.cpp">
      <Filter>Engine\base</Filter>
    </ClCompile>
    <ClCompile Include="Engine\base\DirectXCommon.cpp">
      <Filter>Engine\base</Filter>
    </ClCompile>
    <ClCompile Include="Engine\base\WinApp.cpp">
      <Filter>Engine\base</Filter>
    </ClCompile>
    <ClCompile Include="Engine\base\ImGuiManager.cpp">
      <Filter>Engine\base</Filter>
    </ClCompile>
    <ClCompile Include="Engine\input\InputManager.cpp">
      <Filter>Engine\input</Filter>
    </ClCompile>
    <ClCompile Include="Engine\input\keyboard\Keyboard.cpp">
      <Filter>Engine\input\keyboard</Filter>
    </ClCompile>
    <ClCompile Include="Engine\math\vector\Vector2.cpp">
      <Filter>Engine\math\vector</Filter>
    </ClCompile>
    <ClCompile Include="Engine\math\vector\Vector3.cpp">
      <Filter>Engine\math\vector</Filter>
    </ClCompile>
    <ClCompile Include="Engine\math\vector\Vector4.cpp">
      <Filter>Engine\math\vector</Filter>
    </ClCompile>
    <ClCompile Include="Engine\math\matrix\Matrix3x3.cpp">
      <Filter>Engine\math\matrix</Filter>
    </ClCompile>
    <ClCompile Include="Engine\math\matrix\Matrix4x4.cpp">
      <Filter>Engine\math\matrix</Filter>
    </ClCompile>
    <ClCompile Include="Engine\object\ObjectManager.cpp">
      <Filter>Engine\object</Filter>
    </ClCompile>
    <ClCompile Include="Engine\object\WorldTransform.cpp">
      <Filter>Engine\object</Filter>
    </ClCompile>
    <ClCompile Include="Engine\object\core\Camera.cpp">
      <Filter>Engine\object\core</Filter>
    </ClCompile>
    <ClCompile Include="Engine\primitive\PrimitiveManager.cpp">
      <Filter>Engine\primitive</Filter>
    </ClCompile>
    <ClCompile Include="Engine\primitive\IPrimitive.cpp">
      <Filter>Engine\primitive</Filter>
    </ClCompile>
    <ClCompile Include="Engine\primitive\3d\Mesh.cpp">
      <Filter>Engine\primitive\3d</Filter>
    </ClCompile>
    <ClCompile Include="Engine\primitive\3d\Sphere.cpp">
      <Filter>Engine\primitive\3d</Filter>
    </ClCompile>
    <ClCompile Include="Engine\primitive\2d\Triangle.cpp">
      <Filter>Engine\primitive\2d</Filter>
    </ClCompile>
    <ClCompile Include="Engine\primitive\2d\Surface.cpp">
      <Filter>Engine\primitive\2d</Filter>
    </ClCompile>
    <ClCompile Include="Engine\resources\ResourceManager.cpp">
      <Filter>Engine\resources</Filter>
    </ClCompile>
    <ClCompile Include="Engine\resources\material\Material.cpp">
      <Filter>Engine\resources\material</Filter>
    </ClCompile>
    <ClCompile Include="Engine\resources\texture\Texture.cpp">
      <Filter>Engine\resources\texture</Filter>
    </ClCompile>
    <ClCompile Include="Engine\scene\SceneManager.cpp">
      <Filter>Engine\scene</Filter>
    </ClCompile>
    <ClCompile Include="Engine\scene\user\Title.cpp">
      <Filter>Engine\scene\user</Filter>
    </ClCompile>
    <ClCompile Include="Engine\scene\user\GameScene.cpp">
      <Filter>Engine\scene\user</Filter>
    </ClCompile>
    <ClCompile Include="Engine\utility\Color.cpp">
      <Filter>Engine\utilitiy</Filter>
    </ClCompile>
    <ClCompile Include="Engine\utility\MyUtility.cpp">
      <Filter>Engine\utilitiy</Filter>
    </ClCompile>
  </ItemGroup>
  <ItemGroup>
    <ClInclude Include="Adapter\Adapter.h">
      <Filter>Adaptor</Filter>
    </ClInclude>
    <ClInclude Include="Adapter\LWP.h">
      <Filter>Adaptor</Filter>
    </ClInclude>
    <ClInclude Include="Adapter\component\Input.h">
      <Filter>Adaptor\component</Filter>
    </ClInclude>
    <ClInclude Include="Adapter\component\Information.h">
      <Filter>Adaptor\component</Filter>
    </ClInclude>
    <ClInclude Include="Adapter\component\Primitive.h">
      <Filter>Adaptor\component</Filter>
    </ClInclude>
    <ClInclude Include="Adapter\component\Resource.h">
      <Filter>Adaptor\component</Filter>
    </ClInclude>
    <ClInclude Include="Adapter\component\Object.h">
      <Filter>Adaptor\component</Filter>
    </ClInclude>
    <ClInclude Include="Adapter\component\System.h">
      <Filter>Adaptor\component</Filter>
    </ClInclude>
    <ClInclude Include="Externals\imgui\imgui.h">
      <Filter>Externals\imgui</Filter>
    </ClInclude>
    <ClInclude Include="Externals\imgui\imgui_impl_dx12.h">
      <Filter>Externals\imgui</Filter>
    </ClInclude>
    <ClInclude Include="Externals\imgui\imgui_impl_win32.h">
      <Filter>Externals\imgui</Filter>
    </ClInclude>
    <ClInclude Include="Externals\imgui\imgui_internal.h">
      <Filter>Externals\imgui</Filter>
    </ClInclude>
    <ClInclude Include="Engine\base\CommandManager.h">
      <Filter>Engine\base</Filter>
    </ClInclude>
    <ClInclude Include="Engine\base\DirectXCommon.h">
      <Filter>Engine\base</Filter>
    </ClInclude>
    <ClInclude Include="Engine\base\WinApp.h">
      <Filter>Engine\base</Filter>
    </ClInclude>
    <ClInclude Include="Engine\base\ImGuiManager.h">
      <Filter>Engine\base</Filter>
    </ClInclude>
    <ClInclude Include="Engine\input\InputManager.h">
      <Filter>Engine\input</Filter>
    </ClInclude>
    <ClInclude Include="Engine\input\keyboard\Keyboard.h">
      <Filter>Engine\input\keyboard</Filter>
    </ClInclude>
    <ClInclude Include="Engine\math\Math.h">
      <Filter>Engine\math</Filter>
    </ClInclude>
    <ClInclude Include="Engine\math\vector\Vector2.h">
      <Filter>Engine\math\vector</Filter>
    </ClInclude>
    <ClInclude Include="Engine\math\vector\Vector3.h">
      <Filter>Engine\math\vector</Filter>
    </ClInclude>
    <ClInclude Include="Engine\math\vector\Vector4.h">
      <Filter>Engine\math\vector</Filter>
    </ClInclude>
    <ClInclude Include="Engine\math\matrix\Matrix3x3.h">
      <Filter>Engine\math\matrix</Filter>
    </ClInclude>
    <ClInclude Include="Engine\math\matrix\Matrix4x4.h">
      <Filter>Engine\math\matrix</Filter>
    </ClInclude>
    <ClInclude Include="Engine\object\IObject.h">
      <Filter>Engine\object</Filter>
    </ClInclude>
    <ClInclude Include="Engine\object\ObjectManager.h">
      <Filter>Engine\object</Filter>
    </ClInclude>
    <ClInclude Include="Engine\object\WorldTransform.h">
      <Filter>Engine\object</Filter>
    </ClInclude>
    <ClInclude Include="Engine\object\core\CoreList.h">
      <Filter>Engine\object\core</Filter>
    </ClInclude>
    <ClInclude Include="Engine\object\core\Camera.h">
      <Filter>Engine\object\core</Filter>
    </ClInclude>
    <ClInclude Include="Engine\object\user\UserList.h">
      <Filter>Engine\object\user</Filter>
    </ClInclude>
    <ClInclude Include="Engine\primitive\PrimitiveManager.h">
      <Filter>Engine\primitive</Filter>
    </ClInclude>
    <ClInclude Include="Engine\primitive\IPrimitive.h">
      <Filter>Engine\primitive</Filter>
    </ClInclude>
    <ClInclude Include="Engine\primitive\3d\3dList.h">
      <Filter>Engine\primitive\3d</Filter>
    </ClInclude>
    <ClInclude Include="Engine\primitive\3d\Mesh.h">
      <Filter>Engine\primitive\3d</Filter>
    </ClInclude>
    <ClInclude Include="Engine\primitive\3d\Sphere.h">
      <Filter>Engine\primitive\3d</Filter>
    </ClInclude>
    <ClInclude Include="Engine\primitive\2d\2dList.h">
      <Filter>Engine\primitive\2d</Filter>
    </ClInclude>
    <ClInclude Include="Engine\primitive\2d\Triangle.h">
      <Filter>Engine\primitive\2d</Filter>
    </ClInclude>
    <ClInclude Include="Engine\primitive\2d\Surface.h">
      <Filter>Engine\primitive\2d</Filter>
    </ClInclude>
    <ClInclude Include="Engine\resources\ResourceManager.h">
      <Filter>Engine\resources</Filter>
    </ClInclude>
    <ClInclude Include="Engine\resources\material\Material.h">
      <Filter>Engine\resources\material</Filter>
    </ClInclude>
    <ClInclude Include="Engine\resources\texture\Texture.h">
      <Filter>Engine\resources\texture</Filter>
    </ClInclude>
    <ClInclude Include="Externals\imgui\imconfig.h">
      <Filter>Externals\imgui</Filter>
    </ClInclude>
    <ClInclude Include="Externals\imgui\imstb_rectpack.h">
      <Filter>Externals\imgui</Filter>
    </ClInclude>
    <ClInclude Include="Externals\imgui\imstb_textedit.h">
      <Filter>Externals\imgui</Filter>
    </ClInclude>
    <ClInclude Include="Externals\imgui\imstb_truetype.h">
      <Filter>Externals\imgui</Filter>
    </ClInclude>
    <ClInclude Include="Engine\scene\SceneManager.h">
      <Filter>Engine\scene</Filter>
    </ClInclude>
    <ClInclude Include="Engine\scene\IScene.h">
      <Filter>Engine\scene</Filter>
    </ClInclude>
    <ClInclude Include="Engine\scene\user\Title.h">
      <Filter>Engine\scene\user</Filter>
    </ClInclude>
    <ClInclude Include="Engine\scene\user\GameScene.h">
      <Filter>Engine\scene\user</Filter>
    </ClInclude>
    <ClInclude Include="Engine\utility\Color.h">
      <Filter>Engine\utilitiy</Filter>
    </ClInclude>
    <ClInclude Include="Engine\utility\MyUtility.h">
      <Filter>Engine\utilitiy</Filter>
    </ClInclude>
    <ClInclude Include="Engine\utility\ErrorReporter.h">
      <Filter>Engine\utilitiy</Filter>
    </ClInclude>
  </ItemGroup>
  <ItemGroup>
    <None Include=".editorconfig" />
    <None Include="Engine\resources\shaders\Object3d.hlsli">
      <Filter>Engine\resources\shaders</Filter>
    </None>
  </ItemGroup>
  <ItemGroup>
    <Filter Include="Adaptor">
      <UniqueIdentifier>{6f9bea3b-c4e6-4c49-9886-547942559018}</UniqueIdentifier>
    </Filter>
    <Filter Include="Adaptor\component">
      <UniqueIdentifier>{46ee6907-d890-4f7c-a9bd-cfcd8da7e998}</UniqueIdentifier>
    </Filter>
    <Filter Include="Engine">
      <UniqueIdentifier>{22234a31-7c5a-46d8-be5d-dec0ded496f5}</UniqueIdentifier>
    </Filter>
    <Filter Include="Externals">
      <UniqueIdentifier>{9f831be6-8ef5-4946-b6f6-3f5ad5a174fd}</UniqueIdentifier>
    </Filter>
    <Filter Include="Externals\imgui">
      <UniqueIdentifier>{b3784c2d-ca3a-4b94-8cb1-3b6cda3cd414}</UniqueIdentifier>
    </Filter>
    <Filter Include="Engine\base">
      <UniqueIdentifier>{475d57e9-a61e-461d-ae3a-eb5c492610e3}</UniqueIdentifier>
    </Filter>
    <Filter Include="Engine\input">
      <UniqueIdentifier>{81360c44-81cf-410e-a5b3-c59d962c335b}</UniqueIdentifier>
    </Filter>
    <Filter Include="Engine\input\keyboard">
      <UniqueIdentifier>{35d0d073-9aa8-4c6c-b10f-f29e5babfe94}</UniqueIdentifier>
    </Filter>
    <Filter Include="Engine\input\controller">
      <UniqueIdentifier>{3201848e-b2d1-4034-a202-302f6523e5cd}</UniqueIdentifier>
    </Filter>
    <Filter Include="Engine\math">
      <UniqueIdentifier>{6d0b393f-4b97-4b76-9173-266a7c34318c}</UniqueIdentifier>
    </Filter>
    <Filter Include="Engine\math\vector">
      <UniqueIdentifier>{555d00fb-9db9-4bc8-878c-47a0ea9ae714}</UniqueIdentifier>
    </Filter>
    <Filter Include="Engine\math\matrix">
      <UniqueIdentifier>{2b19e2be-c339-4687-9511-10a76e9579d7}</UniqueIdentifier>
    </Filter>
    <Filter Include="Engine\object">
      <UniqueIdentifier>{6fd0e238-d168-4d0f-864a-458693e0a15a}</UniqueIdentifier>
    </Filter>
    <Filter Include="Engine\object\core">
      <UniqueIdentifier>{14b23d91-589d-429f-b0d8-70fc17a034e1}</UniqueIdentifier>
    </Filter>
    <Filter Include="Engine\object\user">
      <UniqueIdentifier>{66b7ab0e-c424-446a-bfe6-ab374be49187}</UniqueIdentifier>
    </Filter>
    <Filter Include="Engine\primitive">
      <UniqueIdentifier>{b19cce8c-d886-4e1a-bf91-3b61d3281892}</UniqueIdentifier>
    </Filter>
    <Filter Include="Engine\primitive\3d">
      <UniqueIdentifier>{dae23e25-4f32-469f-9849-f8f229fe86d6}</UniqueIdentifier>
    </Filter>
    <Filter Include="Engine\primitive\2d">
      <UniqueIdentifier>{7ae55cb9-7c63-4cf3-8098-9a03f6cff897}</UniqueIdentifier>
    </Filter>
    <Filter Include="Engine\resources">
      <UniqueIdentifier>{63f38f0f-3aff-4930-9679-1b1002a98808}</UniqueIdentifier>
    </Filter>
    <Filter Include="Engine\resources\material">
      <UniqueIdentifier>{8b5a09f0-eefe-4e9d-a55b-76b2f47c7b9d}</UniqueIdentifier>
    </Filter>
    <Filter Include="Engine\resources\shaders">
      <UniqueIdentifier>{e6cf0b3d-2f65-47d4-ab8a-8bb4f969be95}</UniqueIdentifier>
    </Filter>
    <Filter Include="Engine\resources\texture">
      <UniqueIdentifier>{143ff35b-fe99-42b5-bf01-8b207a3c4f7b}</UniqueIdentifier>
    </Filter>
    <Filter Include="Engine\resources\audio">
      <UniqueIdentifier>{b526e211-0e2c-4079-83c6-bce9d67a08fe}</UniqueIdentifier>
    </Filter>
    <Filter Include="Engine\scene">
      <UniqueIdentifier>{093777cc-1db7-443d-b68b-e527690c6c7b}</UniqueIdentifier>
    </Filter>
    <Filter Include="Engine\scene\user">
      <UniqueIdentifier>{960e4147-4156-4275-832b-89f6c6c61824}</UniqueIdentifier>
    </Filter>
    <Filter Include="Engine\utilitiy">
      <UniqueIdentifier>{248bf45a-0c7d-4a30-9391-5cdb28b3cbcd}</UniqueIdentifier>
    </Filter>
  </ItemGroup>
</Project>