<?xml version="1.0" encoding="utf-8"?>
<Project ToolsVersion="4.0" xmlns="http://schemas.microsoft.com/developer/msbuild/2003">
  <ItemGroup>
    <ClCompile Include="Adapter\LWP.cpp">
      <Filter>Adapter</Filter>
    </ClCompile>
    <ClCompile Include="Adapter\component\Input.cpp">
      <Filter>Adapter\component</Filter>
    </ClCompile>
    <ClCompile Include="Adapter\component\Information.cpp">
      <Filter>Adapter\component</Filter>
    </ClCompile>
    <ClCompile Include="Adapter\component\Resource.cpp">
      <Filter>Adapter\component</Filter>
    </ClCompile>
    <ClCompile Include="Adapter\component\Object.cpp">
      <Filter>Adapter\component</Filter>
    </ClCompile>
    <ClCompile Include="Adapter\component\System.cpp">
      <Filter>Adapter\component</Filter>
    </ClCompile>
    <ClCompile Include="Externals\imgui\imgui.cpp">
      <Filter>Externals\imgui</Filter>
    </ClCompile>
    <ClCompile Include="Externals\imgui\imgui_demo.cpp">
      <Filter>Externals\imgui</Filter>
    </ClCompile>
    <ClCompile Include="Externals\imgui\imgui_draw.cpp">
      <Filter>Externals\imgui</Filter>
    </ClCompile>
    <ClCompile Include="Externals\imgui\imgui_impl_dx12.cpp">
      <Filter>Externals\imgui</Filter>
    </ClCompile>
    <ClCompile Include="Externals\imgui\imgui_impl_win32.cpp">
      <Filter>Externals\imgui</Filter>
    </ClCompile>
    <ClCompile Include="Externals\imgui\imgui_tables.cpp">
      <Filter>Externals\imgui</Filter>
    </ClCompile>
    <ClCompile Include="Externals\imgui\imgui_widgets.cpp">
      <Filter>Externals\imgui</Filter>
    </ClCompile>
    <ClCompile Include="Engine\base\WinApp.cpp">
      <Filter>Engine\base</Filter>
    </ClCompile>
    <ClCompile Include="Engine\base\ImGuiManager.cpp">
      <Filter>Engine\base</Filter>
    </ClCompile>
    <ClCompile Include="Engine\input\InputManager.cpp">
      <Filter>Engine\input</Filter>
    </ClCompile>
    <ClCompile Include="Engine\input\keyboard\DIKeyboard.cpp">
      <Filter>Engine\input\keyboard</Filter>
    </ClCompile>
    <ClCompile Include="Engine\math\vector\Vector2.cpp">
      <Filter>Engine\math\vector</Filter>
    </ClCompile>
    <ClCompile Include="Engine\math\vector\Vector3.cpp">
      <Filter>Engine\math\vector</Filter>
    </ClCompile>
    <ClCompile Include="Engine\math\vector\Vector4.cpp">
      <Filter>Engine\math\vector</Filter>
    </ClCompile>
    <ClCompile Include="Engine\math\matrix\Matrix3x3.cpp">
      <Filter>Engine\math\matrix</Filter>
    </ClCompile>
    <ClCompile Include="Engine\math\matrix\Matrix4x4.cpp">
      <Filter>Engine\math\matrix</Filter>
    </ClCompile>
    <ClCompile Include="Engine\object\ObjectManager.cpp">
      <Filter>Engine\object</Filter>
    </ClCompile>
    <ClCompile Include="Engine\object\TransformEuler.cpp">
      <Filter>Engine\object</Filter>
    </ClCompile>
    <ClCompile Include="Engine\object\core\Camera.cpp">
      <Filter>Engine\object\core</Filter>
    </ClCompile>
    <ClCompile Include="Engine\primitive\PrimitiveManager.cpp">
      <Filter>Engine\primitive</Filter>
    </ClCompile>
    <ClCompile Include="Engine\primitive\IPrimitive.cpp">
      <Filter>Engine\primitive</Filter>
    </ClCompile>
    <ClCompile Include="Engine\primitive\2d\Triangle.cpp">
      <Filter>Engine\primitive\2d</Filter>
    </ClCompile>
    <ClCompile Include="Engine\primitive\2d\Surface.cpp">
      <Filter>Engine\primitive\2d</Filter>
    </ClCompile>
    <ClCompile Include="Engine\resources\ResourceManager.cpp">
      <Filter>Engine\resources</Filter>
    </ClCompile>
    <ClCompile Include="Engine\resources\texture\Texture.cpp">
      <Filter>Engine\resources\texture</Filter>
    </ClCompile>
    <ClCompile Include="Engine\scene\SceneManager.cpp">
      <Filter>Engine\scene</Filter>
    </ClCompile>
    <ClCompile Include="Engine\utility\Color.cpp">
      <Filter>Engine\utilitiy</Filter>
    </ClCompile>
    <ClCompile Include="Engine\utility\MyUtility.cpp">
      <Filter>Engine\utilitiy</Filter>
    </ClCompile>
    <ClCompile Include="Engine\info\FrameTracker.cpp">
      <Filter>Engine\info</Filter>
    </ClCompile>
    <ClCompile Include="Engine\base\DirectXCommon.cpp">
      <Filter>Engine\base</Filter>
    </ClCompile>
    <ClCompile Include="Engine\input\controller\DIController.cpp">
      <Filter>Engine\input\controller</Filter>
    </ClCompile>
    <ClCompile Include="Engine\resources\audio\Audio.cpp">
      <Filter>Engine\resources\audio</Filter>
    </ClCompile>
    <ClCompile Include="Externals\imgui\imgui_stdlib.cpp">
      <Filter>Externals\imgui</Filter>
    </ClCompile>
    <ClCompile Include="Engine\object\core\light\PointLight.cpp">
      <Filter>Engine\object\core\light</Filter>
    </ClCompile>
    <ClCompile Include="Engine\object\core\light\DirectionLight.cpp">
      <Filter>Engine\object\core\light</Filter>
    </ClCompile>
    <ClCompile Include="Engine\input\controller\XInputController.cpp">
      <Filter>Engine\input\controller</Filter>
    </ClCompile>
    <ClCompile Include="Engine\primitive\2d\Sprite.cpp">
      <Filter>Engine\primitive\2d</Filter>
    </ClCompile>
    <ClCompile Include="Adapter\component\Window.cpp">
      <Filter>Adapter\component</Filter>
    </ClCompile>
    <ClCompile Include="Engine\utility\CatmullRom.cpp">
      <Filter>Engine\utilitiy</Filter>
    </ClCompile>
    <ClCompile Include="Adapter\component\Common.cpp">
      <Filter>Adapter\component</Filter>
    </ClCompile>
    <ClCompile Include="Engine\object\core\collision\CollisionManager.cpp">
      <Filter>Engine\object\core\collision</Filter>
    </ClCompile>
    <ClCompile Include="Engine\resources\motion\Motion.cpp">
      <Filter>Engine\resources\motion</Filter>
    </ClCompile>
    <ClCompile Include="Engine\utility\motionEffects\Easing.cpp">
      <Filter>Engine\utilitiy\motionEffects</Filter>
    </ClCompile>
    <ClCompile Include="Engine\utility\motionEffects\Interpolation.cpp">
      <Filter>Engine\utilitiy\motionEffects</Filter>
    </ClCompile>
    <ClCompile Include="Adapter\component\Primitive.cpp">
      <Filter>Adapter\component</Filter>
    </ClCompile>
    <ClCompile Include="Engine\object\IObject.cpp">
      <Filter>Engine\object</Filter>
    </ClCompile>
    <ClCompile Include="Engine\base\directX\utility\GPUDevice.cpp">
      <Filter>Engine\base\directX\utility</Filter>
    </ClCompile>
    <ClCompile Include="Engine\base\directX\utility\RootSignature.cpp">
      <Filter>Engine\base\directX\utility</Filter>
    </ClCompile>
    <ClCompile Include="Engine\base\directX\utility\descriptorHeap\DSV.cpp">
      <Filter>Engine\base\directX\utility\descriptorHeap</Filter>
    </ClCompile>
    <ClCompile Include="Engine\base\directX\utility\descriptorHeap\IDescriptorHeap.cpp">
      <Filter>Engine\base\directX\utility\descriptorHeap</Filter>
    </ClCompile>
    <ClCompile Include="Engine\base\directX\utility\descriptorHeap\RTV.cpp">
      <Filter>Engine\base\directX\utility\descriptorHeap</Filter>
    </ClCompile>
    <ClCompile Include="Engine\base\directX\utility\descriptorHeap\SRV.cpp">
      <Filter>Engine\base\directX\utility\descriptorHeap</Filter>
    </ClCompile>
    <ClCompile Include="Engine\base\directX\RendererManager.cpp">
      <Filter>Engine\base\directX</Filter>
    </ClCompile>
    <ClCompile Include="Engine\base\directX\renderer\BufferGroup.cpp">
      <Filter>Engine\base\directX\renderer</Filter>
    </ClCompile>
    <ClCompile Include="Engine\base\directX\renderer\NormalRenderer.cpp">
      <Filter>Engine\base\directX\renderer</Filter>
    </ClCompile>
    <ClCompile Include="Engine\base\directX\renderer\ShadowRenderer.cpp">
      <Filter>Engine\base\directX\renderer</Filter>
    </ClCompile>
    <ClCompile Include="Engine\utility\IndexManager.cpp">
      <Filter>Engine\utilitiy</Filter>
    </ClCompile>
    <ClCompile Include="Engine\base\directX\utility\DXC.cpp">
      <Filter>Engine\base\directX\utility</Filter>
    </ClCompile>
    <ClCompile Include="Engine\base\directX\resource\rendering\BackBuffer.cpp">
      <Filter>Engine\base\directX\resource\rendering</Filter>
    </ClCompile>
    <ClCompile Include="Engine\base\directX\resource\rendering\DepthStencil.cpp">
      <Filter>Engine\base\directX\resource\rendering</Filter>
    </ClCompile>
    <ClCompile Include="Engine\base\directX\resource\rendering\RenderResource.cpp">
      <Filter>Engine\base\directX\resource\rendering</Filter>
    </ClCompile>
    <ClCompile Include="Engine\base\directX\resource\rendering\TextureResource.cpp">
      <Filter>Engine\base\directX\resource\rendering</Filter>
    </ClCompile>
    <ClCompile Include="Engine\resources\audio\AudioData.cpp">
      <Filter>Engine\resources\audio</Filter>
    </ClCompile>
    <ClCompile Include="Engine\base\directX\postProcess\PostProcessor.cpp">
      <Filter>Engine\base\directX\postProcess</Filter>
    </ClCompile>
    <ClCompile Include="Engine\base\directX\postProcess\effects\Bloom.cpp">
      <Filter>Engine\base\directX\postProcess\effects</Filter>
    </ClCompile>
    <ClCompile Include="Engine\base\directX\postProcess\effects\GrayScale.cpp">
      <Filter>Engine\base\directX\postProcess\effects</Filter>
    </ClCompile>
    <ClCompile Include="Engine\base\directX\postProcess\effects\OutLine.cpp">
      <Filter>Engine\base\directX\postProcess\effects</Filter>
    </ClCompile>
    <ClCompile Include="Engine\base\directX\postProcess\effects\RadialBlur.cpp">
      <Filter>Engine\base\directX\postProcess\effects</Filter>
    </ClCompile>
    <ClCompile Include="Engine\base\directX\postProcess\effects\Vignetting.cpp">
      <Filter>Engine\base\directX\postProcess\effects</Filter>
    </ClCompile>
    <ClCompile Include="Engine\base\directX\renderer\CopyRenderer.cpp">
      <Filter>Engine\base\directX\renderer</Filter>
    </ClCompile>
    <ClCompile Include="Engine\base\directX\renderer\EnvironmentMapRenderer.cpp">
      <Filter>Engine\base\directX\renderer</Filter>
    </ClCompile>
    <ClCompile Include="Engine\base\directX\renderer\MeshRenderer.cpp">
      <Filter>Engine\base\directX\renderer</Filter>
    </ClCompile>
    <ClCompile Include="Engine\base\directX\renderer\PostRenderer.cpp">
      <Filter>Engine\base\directX\renderer</Filter>
    </ClCompile>
    <ClCompile Include="Engine\base\directX\renderer\PPRenderer.cpp">
      <Filter>Engine\base\directX\renderer</Filter>
    </ClCompile>
    <ClCompile Include="Engine\base\directX\resource\rendering\shadow\SM_Direction.cpp">
      <Filter>Engine\base\directX\resource\rendering\shadow</Filter>
    </ClCompile>
    <ClCompile Include="Engine\base\directX\resource\rendering\shadow\SM_Point.cpp">
      <Filter>Engine\base\directX\resource\rendering\shadow</Filter>
    </ClCompile>
    <ClCompile Include="Engine\base\directX\resource\rendering\CubeMap.cpp">
      <Filter>Engine\base\directX\resource\rendering</Filter>
    </ClCompile>
    <ClCompile Include="Engine\base\directX\resource\rendering\DepthCubeMap.cpp">
      <Filter>Engine\base\directX\resource\rendering</Filter>
    </ClCompile>
    <ClCompile Include="Engine\base\directX\utility\PSO.cpp">
      <Filter>Engine\base\directX\utility</Filter>
    </ClCompile>
    <ClCompile Include="Engine\math\Quaternion.cpp">
      <Filter>Engine\math</Filter>
    </ClCompile>
    <ClCompile Include="Engine\object\TransformQuat.cpp">
      <Filter>Engine\object</Filter>
    </ClCompile>
    <ClCompile Include="Engine\object\core\Terrain.cpp">
      <Filter>Engine\object\core</Filter>
    </ClCompile>
    <ClCompile Include="Engine\object\core\Particle.cpp">
      <Filter>Engine\object\core</Filter>
    </ClCompile>
    <ClCompile Include="Engine\object\core\collision\Collision.cpp">
      <Filter>Engine\object\core\collision</Filter>
    </ClCompile>
    <ClCompile Include="Engine\object\core\collision\OctreeSpaceDivision.cpp">
      <Filter>Engine\object\core\collision</Filter>
    </ClCompile>
    <ClCompile Include="Engine\object\core\collision\collider\child\cAABB.cpp">
      <Filter>Engine\object\core\collision\collider\child</Filter>
    </ClCompile>
    <ClCompile Include="Engine\object\core\collision\collider\child\cCapsule.cpp">
      <Filter>Engine\object\core\collision\collider\child</Filter>
    </ClCompile>
    <ClCompile Include="Engine\object\core\collision\collider\child\CheckCollisions.cpp">
      <Filter>Engine\object\core\collision\collider\child</Filter>
    </ClCompile>
    <ClCompile Include="Engine\object\core\collision\collider\child\cMesh.cpp">
      <Filter>Engine\object\core\collision\collider\child</Filter>
    </ClCompile>
    <ClCompile Include="Engine\object\core\collision\collider\child\cPoint.cpp">
      <Filter>Engine\object\core\collision\collider\child</Filter>
    </ClCompile>
    <ClCompile Include="Engine\object\core\collision\collider\child\cSphere.cpp">
      <Filter>Engine\object\core\collision\collider\child</Filter>
    </ClCompile>
    <ClCompile Include="Engine\object\core\collision\collider\child\cTerrain.cpp">
      <Filter>Engine\object\core\collision\collider\child</Filter>
    </ClCompile>
    <ClCompile Include="Engine\object\core\collision\collider\ICollider.cpp">
      <Filter>Engine\object\core\collision\collider</Filter>
    </ClCompile>
    <ClCompile Include="Engine\primitive\model\JointWeight.cpp">
      <Filter>Engine\primitive\model</Filter>
    </ClCompile>
    <ClCompile Include="Engine\primitive\model\Joint.cpp">
      <Filter>Engine\primitive\model</Filter>
    </ClCompile>
    <ClCompile Include="Engine\primitive\model\Mesh.cpp">
      <Filter>Engine\primitive\model</Filter>
    </ClCompile>
    <ClCompile Include="Engine\primitive\model\Node.cpp">
      <Filter>Engine\primitive\model</Filter>
    </ClCompile>
    <ClCompile Include="Engine\primitive\model\Skeleton.cpp">
      <Filter>Engine\primitive\model</Filter>
    </ClCompile>
    <ClCompile Include="Engine\primitive\model\SkinCluster.cpp">
      <Filter>Engine\primitive\model</Filter>
    </ClCompile>
    <ClCompile Include="Engine\primitive\model\Vertex.cpp">
      <Filter>Engine\primitive\model</Filter>
    </ClCompile>
    <ClCompile Include="Engine\primitive\model\Material.cpp">
      <Filter>Engine\primitive\model</Filter>
    </ClCompile>
    <ClCompile Include="Engine\primitive\3d\Capsule.cpp">
      <Filter>Engine\primitive\3d</Filter>
    </ClCompile>
    <ClCompile Include="Engine\primitive\3d\Cube.cpp">
      <Filter>Engine\primitive\3d</Filter>
    </ClCompile>
    <ClCompile Include="Engine\primitive\3d\OldMesh.cpp">
      <Filter>Engine\primitive\3d</Filter>
    </ClCompile>
    <ClCompile Include="Engine\primitive\3d\Sphere.cpp">
      <Filter>Engine\primitive\3d</Filter>
    </ClCompile>
    <ClCompile Include="Engine\resources\motion\Animation.cpp">
      <Filter>Engine\resources\motion</Filter>
    </ClCompile>
    <ClCompile Include="Engine\resources\level\LevelData.cpp">
      <Filter>Engine\resources\level</Filter>
    </ClCompile>
    <ClCompile Include="Engine\resources\model\ModelData.cpp">
      <Filter>Engine\resources\model</Filter>
    </ClCompile>
    <ClCompile Include="Engine\resources\model\EMapModel.cpp">
      <Filter>Engine\resources\model</Filter>
    </ClCompile>
    <ClCompile Include="Engine\resources\model\IModel.cpp">
      <Filter>Engine\resources\model</Filter>
    </ClCompile>
    <ClCompile Include="Engine\resources\model\RigidModel.cpp">
      <Filter>Engine\resources\model</Filter>
    </ClCompile>
    <ClCompile Include="Engine\resources\model\SkinningModel.cpp">
      <Filter>Engine\resources\model</Filter>
    </ClCompile>
    <ClCompile Include="Engine\resources\model\StaticModel.cpp">
      <Filter>Engine\resources\model</Filter>
    </ClCompile>
    <ClCompile Include="Engine\object\core\collision\QuadtreeSpaceDivision.cpp" />
    <ClCompile Include="Engine\utility\MyString.cpp" />
    <ClCompile Include="Engine\info\DebugCamera.cpp" />
    <ClCompile Include="Engine\utility\Singleton.cpp" />
    <ClCompile Include="Engine\object\core\GPUParticle.cpp" />
    <ClCompile Include="Engine\base\directX\renderer\ParticleRenderer.cpp" />
    <ClCompile Include="Externals\imgui-node-editor\crude_json.cpp" />
    <ClCompile Include="Externals\imgui-node-editor\imgui_canvas.cpp" />
    <ClCompile Include="Externals\imgui-node-editor\imgui_node_editor.cpp" />
    <ClCompile Include="Externals\imgui-node-editor\imgui_node_editor_api.cpp" />
    <ClCompile Include="Engine\primitive\2d\Billboard2D.cpp" />
    <ClCompile Include="Engine\utility\JsonIO.cpp" />
    <ClCompile Include="Engine\base\directX\renderPass\graphics\DrawSolid.cpp" />
    <ClCompile Include="Engine\base\directX\renderPass\RenderingPipeline.cpp" />
  </ItemGroup>
  <ItemGroup>
    <ClInclude Include="Adapter\Adapter.h">
      <Filter>Adapter</Filter>
    </ClInclude>
    <ClInclude Include="Adapter\LWP.h">
      <Filter>Adapter</Filter>
    </ClInclude>
    <ClInclude Include="Adapter\component\Input.h">
      <Filter>Adapter\component</Filter>
    </ClInclude>
    <ClInclude Include="Adapter\component\Information.h">
      <Filter>Adapter\component</Filter>
    </ClInclude>
    <ClInclude Include="Adapter\component\Resource.h">
      <Filter>Adapter\component</Filter>
    </ClInclude>
    <ClInclude Include="Adapter\component\Object.h">
      <Filter>Adapter\component</Filter>
    </ClInclude>
    <ClInclude Include="Adapter\component\System.h">
      <Filter>Adapter\component</Filter>
    </ClInclude>
    <ClInclude Include="Externals\imgui\imgui.h">
      <Filter>Externals\imgui</Filter>
    </ClInclude>
    <ClInclude Include="Externals\imgui\imgui_impl_dx12.h">
      <Filter>Externals\imgui</Filter>
    </ClInclude>
    <ClInclude Include="Externals\imgui\imgui_impl_win32.h">
      <Filter>Externals\imgui</Filter>
    </ClInclude>
    <ClInclude Include="Externals\imgui\imgui_internal.h">
      <Filter>Externals\imgui</Filter>
    </ClInclude>
    <ClInclude Include="Engine\base\WinApp.h">
      <Filter>Engine\base</Filter>
    </ClInclude>
    <ClInclude Include="Engine\base\ImGuiManager.h">
      <Filter>Engine\base</Filter>
    </ClInclude>
    <ClInclude Include="Engine\input\InputManager.h">
      <Filter>Engine\input</Filter>
    </ClInclude>
    <ClInclude Include="Engine\input\keyboard\DIKeyboard.h">
      <Filter>Engine\input\keyboard</Filter>
    </ClInclude>
    <ClInclude Include="Engine\math\Math.h">
      <Filter>Engine\math</Filter>
    </ClInclude>
    <ClInclude Include="Engine\math\vector\Vector2.h">
      <Filter>Engine\math\vector</Filter>
    </ClInclude>
    <ClInclude Include="Engine\math\vector\Vector3.h">
      <Filter>Engine\math\vector</Filter>
    </ClInclude>
    <ClInclude Include="Engine\math\vector\Vector4.h">
      <Filter>Engine\math\vector</Filter>
    </ClInclude>
    <ClInclude Include="Engine\math\matrix\Matrix3x3.h">
      <Filter>Engine\math\matrix</Filter>
    </ClInclude>
    <ClInclude Include="Engine\math\matrix\Matrix4x4.h">
      <Filter>Engine\math\matrix</Filter>
    </ClInclude>
    <ClInclude Include="Engine\object\IObject.h">
      <Filter>Engine\object</Filter>
    </ClInclude>
    <ClInclude Include="Engine\object\ObjectManager.h">
      <Filter>Engine\object</Filter>
    </ClInclude>
    <ClInclude Include="Engine\object\TransformEuler.h">
      <Filter>Engine\object</Filter>
    </ClInclude>
    <ClInclude Include="Engine\object\core\Camera.h">
      <Filter>Engine\object\core</Filter>
    </ClInclude>
    <ClInclude Include="Engine\primitive\PrimitiveManager.h">
      <Filter>Engine\primitive</Filter>
    </ClInclude>
    <ClInclude Include="Engine\primitive\IPrimitive.h">
      <Filter>Engine\primitive</Filter>
    </ClInclude>
    <ClInclude Include="Engine\primitive\3d\3dList.h">
      <Filter>Engine\primitive\3d</Filter>
    </ClInclude>
    <ClInclude Include="Engine\primitive\2d\2dList.h">
      <Filter>Engine\primitive\2d</Filter>
    </ClInclude>
    <ClInclude Include="Engine\primitive\2d\Triangle.h">
      <Filter>Engine\primitive\2d</Filter>
    </ClInclude>
    <ClInclude Include="Engine\primitive\2d\Surface.h">
      <Filter>Engine\primitive\2d</Filter>
    </ClInclude>
    <ClInclude Include="Engine\resources\ResourceManager.h">
      <Filter>Engine\resources</Filter>
    </ClInclude>
    <ClInclude Include="Engine\resources\texture\Texture.h">
      <Filter>Engine\resources\texture</Filter>
    </ClInclude>
    <ClInclude Include="Externals\imgui\imconfig.h">
      <Filter>Externals\imgui</Filter>
    </ClInclude>
    <ClInclude Include="Externals\imgui\imstb_rectpack.h">
      <Filter>Externals\imgui</Filter>
    </ClInclude>
    <ClInclude Include="Externals\imgui\imstb_textedit.h">
      <Filter>Externals\imgui</Filter>
    </ClInclude>
    <ClInclude Include="Externals\imgui\imstb_truetype.h">
      <Filter>Externals\imgui</Filter>
    </ClInclude>
    <ClInclude Include="Engine\scene\SceneManager.h">
      <Filter>Engine\scene</Filter>
    </ClInclude>
    <ClInclude Include="Engine\scene\IScene.h">
      <Filter>Engine\scene</Filter>
    </ClInclude>
    <ClInclude Include="Engine\utility\Color.h">
      <Filter>Engine\utilitiy</Filter>
    </ClInclude>
    <ClInclude Include="Engine\utility\MyUtility.h">
      <Filter>Engine\utilitiy</Filter>
    </ClInclude>
    <ClInclude Include="Engine\utility\ErrorReporter.h">
      <Filter>Engine\utilitiy</Filter>
    </ClInclude>
    <ClInclude Include="Engine\info\FrameTracker.h">
      <Filter>Engine\info</Filter>
    </ClInclude>
    <ClInclude Include="Engine\base\DirectXCommon.h">
      <Filter>Engine\base</Filter>
    </ClInclude>
    <ClInclude Include="Engine\input\controller\DIController.h">
      <Filter>Engine\input\controller</Filter>
    </ClInclude>
    <ClInclude Include="Engine\resources\audio\Audio.h">
      <Filter>Engine\resources\audio</Filter>
    </ClInclude>
    <ClInclude Include="Adapter\Config.h">
      <Filter>Adapter</Filter>
    </ClInclude>
    <ClInclude Include="Externals\imgui\imgui_stdlib.h">
      <Filter>Externals\imgui</Filter>
    </ClInclude>
    <ClInclude Include="Engine\object\core\light\PointLight.h">
      <Filter>Engine\object\core\light</Filter>
    </ClInclude>
    <ClInclude Include="Engine\object\core\light\DirectionLight.h">
      <Filter>Engine\object\core\light</Filter>
    </ClInclude>
    <ClInclude Include="Engine\input\controller\XInputController.h">
      <Filter>Engine\input\controller</Filter>
    </ClInclude>
    <ClInclude Include="Engine\utility\Counter.h">
      <Filter>Engine\utilitiy</Filter>
    </ClInclude>
    <ClInclude Include="Engine\primitive\2d\Sprite.h">
      <Filter>Engine\primitive\2d</Filter>
    </ClInclude>
    <ClInclude Include="Adapter\component\Window.h">
      <Filter>Adapter\component</Filter>
    </ClInclude>
    <ClInclude Include="Engine\utility\CatmullRom.h">
      <Filter>Engine\utilitiy</Filter>
    </ClInclude>
    <ClInclude Include="Engine\object\core\Particle.h">
      <Filter>Engine\object\core</Filter>
    </ClInclude>
    <ClInclude Include="Engine\object\core\collision\CollisionManager.h">
      <Filter>Engine\object\core\collision</Filter>
    </ClInclude>
    <ClInclude Include="Adapter\component\Common.h">
      <Filter>Adapter\component</Filter>
    </ClInclude>
    <ClInclude Include="Engine\utility\observers\Observer.h">
      <Filter>Engine\utilitiy\observers</Filter>
    </ClInclude>
    <ClInclude Include="Engine\utility\observers\Observer2.h">
      <Filter>Engine\utilitiy\observers</Filter>
    </ClInclude>
    <ClInclude Include="Engine\utility\observers\ObserverPtr.h">
      <Filter>Engine\utilitiy\observers</Filter>
    </ClInclude>
    <ClInclude Include="Engine\resources\motion\Motion.h">
      <Filter>Engine\resources\motion</Filter>
    </ClInclude>
    <ClInclude Include="Engine\utility\motionEffects\Easing.h">
      <Filter>Engine\utilitiy\motionEffects</Filter>
    </ClInclude>
    <ClInclude Include="Engine\utility\motionEffects\Interpolation.h">
      <Filter>Engine\utilitiy\motionEffects</Filter>
    </ClInclude>
    <ClInclude Include="Engine\utility\PtrManager.h">
      <Filter>Engine\utilitiy</Filter>
    </ClInclude>
    <ClInclude Include="Adapter\component\Primitive.h">
      <Filter>Adapter\component</Filter>
    </ClInclude>
    <ClInclude Include="Engine\primitive\2d\Billboard2D.h">
      <Filter>Engine\primitive\2d</Filter>
    </ClInclude>
    <ClInclude Include="Engine\primitive\2d\Billboard3D.h">
      <Filter>Engine\primitive\2d</Filter>
    </ClInclude>
    <ClInclude Include="Engine\base\directX\utility\GPUDevice.h">
      <Filter>Engine\base\directX\utility</Filter>
    </ClInclude>
    <ClInclude Include="Engine\base\directX\utility\RootSignature.h">
      <Filter>Engine\base\directX\utility</Filter>
    </ClInclude>
    <ClInclude Include="Engine\base\directX\utility\descriptorHeap\DSV.h">
      <Filter>Engine\base\directX\utility\descriptorHeap</Filter>
    </ClInclude>
    <ClInclude Include="Engine\base\directX\utility\descriptorHeap\IDescriptorHeap.h">
      <Filter>Engine\base\directX\utility\descriptorHeap</Filter>
    </ClInclude>
    <ClInclude Include="Engine\base\directX\utility\descriptorHeap\RTV.h">
      <Filter>Engine\base\directX\utility\descriptorHeap</Filter>
    </ClInclude>
    <ClInclude Include="Engine\utility\IndexManager.h">
      <Filter>Engine\utilitiy</Filter>
    </ClInclude>
    <ClInclude Include="Engine\utility\Index.h">
      <Filter>Engine\utilitiy</Filter>
    </ClInclude>
    <ClInclude Include="Engine\base\directX\utility\descriptorHeap\SRV.h">
      <Filter>Engine\base\directX\utility\descriptorHeap</Filter>
    </ClInclude>
    <ClInclude Include="Engine\base\directX\utility\DXC.h">
      <Filter>Engine\base\directX\utility</Filter>
    </ClInclude>
    <ClInclude Include="Engine\base\directX\utility\Command.h">
      <Filter>Engine\base\directX\utility</Filter>
    </ClInclude>
    <ClInclude Include="Engine\base\directX\RendererManager.h">
      <Filter>Engine\base\directX</Filter>
    </ClInclude>
    <ClInclude Include="Engine\base\directX\renderer\BufferGroup.h">
      <Filter>Engine\base\directX\renderer</Filter>
    </ClInclude>
    <ClInclude Include="Engine\base\directX\renderer\IRenderer.h">
      <Filter>Engine\base\directX\renderer</Filter>
    </ClInclude>
    <ClInclude Include="Engine\base\directX\renderer\NormalRenderer.h">
      <Filter>Engine\base\directX\renderer</Filter>
    </ClInclude>
    <ClInclude Include="Engine\base\directX\renderer\ShadowRenderer.h">
      <Filter>Engine\base\directX\renderer</Filter>
    </ClInclude>
    <ClInclude Include="Engine\base\directX\renderer\ResourceStruct.h">
      <Filter>Engine\base\directX\renderer</Filter>
    </ClInclude>
    <ClInclude Include="Engine\info\OutputLog.h">
      <Filter>Engine\info</Filter>
    </ClInclude>
    <ClInclude Include="Engine\base\directX\resource\IResource.h">
      <Filter>Engine\base\directX\resource</Filter>
    </ClInclude>
    <ClInclude Include="Engine\base\directX\resource\rendering\BackBuffer.h">
      <Filter>Engine\base\directX\resource\rendering</Filter>
    </ClInclude>
    <ClInclude Include="Engine\base\directX\resource\rendering\DepthStencil.h">
      <Filter>Engine\base\directX\resource\rendering</Filter>
    </ClInclude>
    <ClInclude Include="Engine\base\directX\resource\rendering\IRenderingResource.h">
      <Filter>Engine\base\directX\resource\rendering</Filter>
    </ClInclude>
    <ClInclude Include="Engine\base\directX\resource\rendering\RenderResource.h">
      <Filter>Engine\base\directX\resource\rendering</Filter>
    </ClInclude>
    <ClInclude Include="Engine\base\directX\resource\rendering\TextureResource.h">
      <Filter>Engine\base\directX\resource\rendering</Filter>
    </ClInclude>
    <ClInclude Include="Engine\base\directX\resource\data\ConstantBuffer.h">
      <Filter>Engine\base\directX\resource\data</Filter>
    </ClInclude>
    <ClInclude Include="Engine\base\directX\resource\data\IDataResource.h">
      <Filter>Engine\base\directX\resource\data</Filter>
    </ClInclude>
    <ClInclude Include="Engine\base\directX\resource\data\StructuredBuffer.h">
      <Filter>Engine\base\directX\resource\data</Filter>
    </ClInclude>
    <ClInclude Include="Engine\resources\audio\AudioData.h">
      <Filter>Engine\resources\audio</Filter>
    </ClInclude>
    <ClInclude Include="Engine\base\directX\postProcess\PostProcessor.h">
      <Filter>Engine\base\directX\postProcess</Filter>
    </ClInclude>
    <ClInclude Include="Engine\base\directX\postProcess\IPostProcess.h">
      <Filter>Engine\base\directX\postProcess</Filter>
    </ClInclude>
    <ClInclude Include="Engine\base\directX\postProcess\effects\Bloom.h">
      <Filter>Engine\base\directX\postProcess\effects</Filter>
    </ClInclude>
    <ClInclude Include="Engine\base\directX\postProcess\effects\GrayScale.h">
      <Filter>Engine\base\directX\postProcess\effects</Filter>
    </ClInclude>
    <ClInclude Include="Engine\base\directX\postProcess\effects\OutLine.h">
      <Filter>Engine\base\directX\postProcess\effects</Filter>
    </ClInclude>
    <ClInclude Include="Engine\base\directX\postProcess\effects\RadialBlur.h">
      <Filter>Engine\base\directX\postProcess\effects</Filter>
    </ClInclude>
    <ClInclude Include="Engine\base\directX\postProcess\effects\Vignetting.h">
      <Filter>Engine\base\directX\postProcess\effects</Filter>
    </ClInclude>
    <ClInclude Include="Engine\base\directX\renderer\CopyRenderer.h">
      <Filter>Engine\base\directX\renderer</Filter>
    </ClInclude>
    <ClInclude Include="Engine\base\directX\renderer\EnvironmentMapRenderer.h">
      <Filter>Engine\base\directX\renderer</Filter>
    </ClInclude>
    <ClInclude Include="Engine\base\directX\renderer\MeshRenderer.h">
      <Filter>Engine\base\directX\renderer</Filter>
    </ClInclude>
    <ClInclude Include="Engine\base\directX\renderer\PostRenderer.h">
      <Filter>Engine\base\directX\renderer</Filter>
    </ClInclude>
    <ClInclude Include="Engine\base\directX\renderer\PPRenderer.h">
      <Filter>Engine\base\directX\renderer</Filter>
    </ClInclude>
    <ClInclude Include="Engine\base\directX\resource\data\RWStructuredBuffer.h">
      <Filter>Engine\base\directX\resource\data</Filter>
    </ClInclude>
    <ClInclude Include="Engine\base\directX\resource\rendering\shadow\IShadowMap.h">
      <Filter>Engine\base\directX\resource\rendering\shadow</Filter>
    </ClInclude>
    <ClInclude Include="Engine\base\directX\resource\rendering\shadow\SM_Direction.h">
      <Filter>Engine\base\directX\resource\rendering\shadow</Filter>
    </ClInclude>
    <ClInclude Include="Engine\base\directX\resource\rendering\shadow\SM_Point.h">
      <Filter>Engine\base\directX\resource\rendering\shadow</Filter>
    </ClInclude>
    <ClInclude Include="Engine\base\directX\resource\rendering\CubeMap.h">
      <Filter>Engine\base\directX\resource\rendering</Filter>
    </ClInclude>
    <ClInclude Include="Engine\base\directX\resource\rendering\DepthCubeMap.h">
      <Filter>Engine\base\directX\resource\rendering</Filter>
    </ClInclude>
    <ClInclude Include="Engine\base\directX\utility\PSO.h">
      <Filter>Engine\base\directX\utility</Filter>
    </ClInclude>
    <ClInclude Include="Engine\math\Quaternion.h">
      <Filter>Engine\math</Filter>
    </ClInclude>
    <ClInclude Include="Engine\object\TransformQuat.h">
      <Filter>Engine\object</Filter>
    </ClInclude>
    <ClInclude Include="Engine\object\core\Terrain.h">
      <Filter>Engine\object\core</Filter>
    </ClInclude>
    <ClInclude Include="Engine\object\core\collision\Collision.h">
      <Filter>Engine\object\core\collision</Filter>
    </ClInclude>
    <ClInclude Include="Engine\object\core\collision\OctreeSpaceDivision.h">
      <Filter>Engine\object\core\collision</Filter>
    </ClInclude>
    <ClInclude Include="Engine\object\core\collision\collider\child\cAABB.h">
      <Filter>Engine\object\core\collision\collider\child</Filter>
    </ClInclude>
    <ClInclude Include="Engine\object\core\collision\collider\child\cCapsule.h">
      <Filter>Engine\object\core\collision\collider\child</Filter>
    </ClInclude>
    <ClInclude Include="Engine\object\core\collision\collider\child\cMesh.h">
      <Filter>Engine\object\core\collision\collider\child</Filter>
    </ClInclude>
    <ClInclude Include="Engine\object\core\collision\collider\child\cPoint.h">
      <Filter>Engine\object\core\collision\collider\child</Filter>
    </ClInclude>
    <ClInclude Include="Engine\object\core\collision\collider\child\cSphere.h">
      <Filter>Engine\object\core\collision\collider\child</Filter>
    </ClInclude>
    <ClInclude Include="Engine\object\core\collision\collider\child\cTerrain.h">
      <Filter>Engine\object\core\collision\collider\child</Filter>
    </ClInclude>
    <ClInclude Include="Engine\object\core\collision\collider\ICollider.h">
      <Filter>Engine\object\core\collision\collider</Filter>
    </ClInclude>
    <ClInclude Include="Engine\primitive\model\JointWeight.h">
      <Filter>Engine\primitive\model</Filter>
    </ClInclude>
    <ClInclude Include="Engine\primitive\model\Joint.h">
      <Filter>Engine\primitive\model</Filter>
    </ClInclude>
    <ClInclude Include="Engine\primitive\model\Mesh.h">
      <Filter>Engine\primitive\model</Filter>
    </ClInclude>
    <ClInclude Include="Engine\primitive\model\Node.h">
      <Filter>Engine\primitive\model</Filter>
    </ClInclude>
    <ClInclude Include="Engine\primitive\model\Skeleton.h">
      <Filter>Engine\primitive\model</Filter>
    </ClInclude>
    <ClInclude Include="Engine\primitive\model\SkinCluster.h">
      <Filter>Engine\primitive\model</Filter>
    </ClInclude>
    <ClInclude Include="Engine\primitive\model\Vertex.h">
      <Filter>Engine\primitive\model</Filter>
    </ClInclude>
    <ClInclude Include="Engine\primitive\model\Material.h">
      <Filter>Engine\primitive\model</Filter>
    </ClInclude>
    <ClInclude Include="Engine\primitive\3d\Capsule.h">
      <Filter>Engine\primitive\3d</Filter>
    </ClInclude>
    <ClInclude Include="Engine\primitive\3d\Cube.h">
      <Filter>Engine\primitive\3d</Filter>
    </ClInclude>
    <ClInclude Include="Engine\primitive\3d\OldMesh.h">
      <Filter>Engine\primitive\3d</Filter>
    </ClInclude>
    <ClInclude Include="Engine\primitive\3d\Sphere.h">
      <Filter>Engine\primitive\3d</Filter>
    </ClInclude>
    <ClInclude Include="Engine\resources\motion\Animation.h">
      <Filter>Engine\resources\motion</Filter>
    </ClInclude>
    <ClInclude Include="Engine\resources\level\LevelData.h">
      <Filter>Engine\resources\level</Filter>
    </ClInclude>
    <ClInclude Include="Engine\resources\model\ModelData.h">
      <Filter>Engine\resources\model</Filter>
    </ClInclude>
    <ClInclude Include="Engine\resources\model\EMapModel.h">
      <Filter>Engine\resources\model</Filter>
    </ClInclude>
    <ClInclude Include="Engine\resources\model\IModel.h">
      <Filter>Engine\resources\model</Filter>
    </ClInclude>
    <ClInclude Include="Engine\resources\model\RigidModel.h">
      <Filter>Engine\resources\model</Filter>
    </ClInclude>
    <ClInclude Include="Engine\resources\model\SkinningModel.h">
      <Filter>Engine\resources\model</Filter>
    </ClInclude>
    <ClInclude Include="Engine\resources\model\StaticModel.h">
      <Filter>Engine\resources\model</Filter>
    </ClInclude>
    <ClInclude Include="Externals\DirectXMesh\DirectXMesh.h">
      <Filter>Externals\DirectXMesh</Filter>
    </ClInclude>
    <ClInclude Include="Externals\nlohmann\json.hpp">
      <Filter>Externals\nlohmann</Filter>
    </ClInclude>
    <ClInclude Include="Engine\object\core\collision\QuadtreeSpaceDivision.h" />
    <ClInclude Include="Engine\utility\StatePattern.h" />
    <ClInclude Include="Engine\utility\MyString.h" />
    <ClInclude Include="Engine\info\DebugCamera.h" />
    <ClInclude Include="Engine\utility\Singleton.h" />
    <ClInclude Include="Engine\object\core\GPUParticle.h" />
    <ClInclude Include="Engine\base\directX\renderer\ParticleRenderer.h" />
    <ClInclude Include="Externals\imgui-node-editor\crude_json.h" />
    <ClInclude Include="Externals\imgui-node-editor\imgui_bezier_math.h" />
    <ClInclude Include="Externals\imgui-node-editor\imgui_canvas.h" />
    <ClInclude Include="Externals\imgui-node-editor\imgui_extra_math.h" />
    <ClInclude Include="Externals\imgui-node-editor\imgui_node_editor.h" />
    <ClInclude Include="Externals\imgui-node-editor\imgui_node_editor_internal.h" />
    <ClInclude Include="Engine\utility\JsonIO.h" />
    <ClInclude Include="Engine\base\directX\renderPass\compute\IComputePass.h" />
    <ClInclude Include="Engine\base\directX\renderPass\graphics\DrawSolid.h" />
    <ClInclude Include="Engine\base\directX\renderPass\graphics\IGraphicsPass.h" />
    <ClInclude Include="Engine\base\directX\renderPass\RenderingPipeline.h" />
    <ClInclude Include="Engine\base\directX\renderPass\IRenderPass.h" />
    <ClInclude Include="Engine\base\directX\renderPass\postprocess\IPostProcessPass.h" />
    <ClInclude Include="Engine\base\directX\renderPass\shadow\IShadowPass.h" />
  </ItemGroup>
  <ItemGroup>
    <None Include=".editorconfig" />
    <None Include="Externals\imgui-node-editor\imgui_bezier_math.inl" />
    <None Include="Externals\imgui-node-editor\imgui_extra_math.inl" />
    <None Include="Externals\imgui-node-editor\imgui_node_editor_internal.inl" />
  </ItemGroup>
  <ItemGroup>
    <Filter Include="Engine">
      <UniqueIdentifier>{22234a31-7c5a-46d8-be5d-dec0ded496f5}</UniqueIdentifier>
    </Filter>
    <Filter Include="Externals">
      <UniqueIdentifier>{9f831be6-8ef5-4946-b6f6-3f5ad5a174fd}</UniqueIdentifier>
    </Filter>
    <Filter Include="Externals\imgui">
      <UniqueIdentifier>{b3784c2d-ca3a-4b94-8cb1-3b6cda3cd414}</UniqueIdentifier>
    </Filter>
    <Filter Include="Engine\base">
      <UniqueIdentifier>{475d57e9-a61e-461d-ae3a-eb5c492610e3}</UniqueIdentifier>
    </Filter>
    <Filter Include="Engine\input">
      <UniqueIdentifier>{81360c44-81cf-410e-a5b3-c59d962c335b}</UniqueIdentifier>
    </Filter>
    <Filter Include="Engine\input\keyboard">
      <UniqueIdentifier>{35d0d073-9aa8-4c6c-b10f-f29e5babfe94}</UniqueIdentifier>
    </Filter>
    <Filter Include="Engine\input\controller">
      <UniqueIdentifier>{3201848e-b2d1-4034-a202-302f6523e5cd}</UniqueIdentifier>
    </Filter>
    <Filter Include="Engine\math">
      <UniqueIdentifier>{6d0b393f-4b97-4b76-9173-266a7c34318c}</UniqueIdentifier>
    </Filter>
    <Filter Include="Engine\math\vector">
      <UniqueIdentifier>{555d00fb-9db9-4bc8-878c-47a0ea9ae714}</UniqueIdentifier>
    </Filter>
    <Filter Include="Engine\math\matrix">
      <UniqueIdentifier>{2b19e2be-c339-4687-9511-10a76e9579d7}</UniqueIdentifier>
    </Filter>
    <Filter Include="Engine\object">
      <UniqueIdentifier>{6fd0e238-d168-4d0f-864a-458693e0a15a}</UniqueIdentifier>
    </Filter>
    <Filter Include="Engine\object\core">
      <UniqueIdentifier>{14b23d91-589d-429f-b0d8-70fc17a034e1}</UniqueIdentifier>
    </Filter>
    <Filter Include="Engine\primitive">
      <UniqueIdentifier>{b19cce8c-d886-4e1a-bf91-3b61d3281892}</UniqueIdentifier>
    </Filter>
    <Filter Include="Engine\primitive\3d">
      <UniqueIdentifier>{dae23e25-4f32-469f-9849-f8f229fe86d6}</UniqueIdentifier>
    </Filter>
    <Filter Include="Engine\primitive\2d">
      <UniqueIdentifier>{7ae55cb9-7c63-4cf3-8098-9a03f6cff897}</UniqueIdentifier>
    </Filter>
    <Filter Include="Engine\resources">
      <UniqueIdentifier>{63f38f0f-3aff-4930-9679-1b1002a98808}</UniqueIdentifier>
    </Filter>
    <Filter Include="Engine\resources\texture">
      <UniqueIdentifier>{143ff35b-fe99-42b5-bf01-8b207a3c4f7b}</UniqueIdentifier>
    </Filter>
    <Filter Include="Engine\resources\audio">
      <UniqueIdentifier>{b526e211-0e2c-4079-83c6-bce9d67a08fe}</UniqueIdentifier>
    </Filter>
    <Filter Include="Engine\utilitiy">
      <UniqueIdentifier>{248bf45a-0c7d-4a30-9391-5cdb28b3cbcd}</UniqueIdentifier>
    </Filter>
    <Filter Include="Adapter">
      <UniqueIdentifier>{6f9bea3b-c4e6-4c49-9886-547942559018}</UniqueIdentifier>
    </Filter>
    <Filter Include="Adapter\component">
      <UniqueIdentifier>{46ee6907-d890-4f7c-a9bd-cfcd8da7e998}</UniqueIdentifier>
    </Filter>
    <Filter Include="Engine\info">
      <UniqueIdentifier>{1d859269-30c1-4a67-825c-4bbef6db24b2}</UniqueIdentifier>
    </Filter>
    <Filter Include="Engine\base\directX">
      <UniqueIdentifier>{c179b36e-9877-47a2-ba8a-9b2a96ef3d2e}</UniqueIdentifier>
    </Filter>
    <Filter Include="Engine\scene">
      <UniqueIdentifier>{093777cc-1db7-443d-b68b-e527690c6c7b}</UniqueIdentifier>
    </Filter>
    <Filter Include="Engine\object\core\light">
      <UniqueIdentifier>{d7b05c18-6249-4f61-8559-8af414e7835e}</UniqueIdentifier>
    </Filter>
    <Filter Include="Engine\utilitiy\observers">
      <UniqueIdentifier>{2ec6478e-d841-4aa1-827b-1ad8487bd9cc}</UniqueIdentifier>
    </Filter>
    <Filter Include="Engine\resources\motion">
      <UniqueIdentifier>{86ff66cd-5a03-4691-ab76-a4dc90153b57}</UniqueIdentifier>
    </Filter>
    <Filter Include="Engine\utilitiy\motionEffects">
      <UniqueIdentifier>{c5321e51-94f6-4368-b6fd-3a13797ba681}</UniqueIdentifier>
    </Filter>
    <Filter Include="Engine\base\directX\utility">
      <UniqueIdentifier>{f2f38707-03d8-4a53-b191-e856e47ed429}</UniqueIdentifier>
    </Filter>
    <Filter Include="Engine\base\directX\utility\descriptorHeap">
      <UniqueIdentifier>{89f131fc-3cd1-4d6d-b6a7-a88f69bf7b16}</UniqueIdentifier>
    </Filter>
    <Filter Include="Engine\base\directX\renderer">
      <UniqueIdentifier>{32e8ada8-5989-4852-908a-eb156ab03353}</UniqueIdentifier>
    </Filter>
    <Filter Include="Engine\base\directX\resource">
      <UniqueIdentifier>{bc6e147b-ce09-4129-bd8b-963ae86109bd}</UniqueIdentifier>
    </Filter>
    <Filter Include="Engine\base\directX\resource\rendering">
      <UniqueIdentifier>{0488ef0b-6538-4e95-8ffa-1c0f08d8cf41}</UniqueIdentifier>
    </Filter>
    <Filter Include="Engine\base\directX\resource\data">
      <UniqueIdentifier>{7fa81050-974b-4904-b944-cb73557c7998}</UniqueIdentifier>
    </Filter>
    <Filter Include="Engine\base\directX\postProcess">
      <UniqueIdentifier>{a22509c4-b405-4685-9374-18ea4100d5e7}</UniqueIdentifier>
    </Filter>
    <Filter Include="Engine\base\directX\postProcess\effects">
      <UniqueIdentifier>{77c96b9e-a137-4e11-ae10-e9c12a617372}</UniqueIdentifier>
    </Filter>
    <Filter Include="Engine\base\directX\resource\rendering\shadow">
      <UniqueIdentifier>{1d5f330d-1b3b-4d29-a5f2-01164029d12c}</UniqueIdentifier>
    </Filter>
    <Filter Include="Engine\object\core\collision">
      <UniqueIdentifier>{5c833c51-fe4d-4823-a931-9c1782e5bba2}</UniqueIdentifier>
    </Filter>
    <Filter Include="Engine\object\core\collision\collider">
      <UniqueIdentifier>{18bc0384-a69e-4935-924b-c702423d4c85}</UniqueIdentifier>
    </Filter>
    <Filter Include="Engine\object\core\collision\collider\child">
      <UniqueIdentifier>{d2de1bd1-59a6-4217-a059-33daa96f9b1b}</UniqueIdentifier>
    </Filter>
    <Filter Include="Engine\primitive\model">
      <UniqueIdentifier>{a63ab08f-541b-4b9b-b0e3-159acd70c52f}</UniqueIdentifier>
    </Filter>
    <Filter Include="Engine\resources\level">
      <UniqueIdentifier>{933a77b3-b4f8-41cb-b972-8700c82fd38e}</UniqueIdentifier>
    </Filter>
    <Filter Include="Engine\resources\model">
      <UniqueIdentifier>{e8bdef8f-90cd-49a4-a03f-e83d99a36119}</UniqueIdentifier>
    </Filter>
    <Filter Include="Externals\DirectXMesh">
      <UniqueIdentifier>{804479c8-3a26-4ed4-9d72-dcc008c140bb}</UniqueIdentifier>
    </Filter>
    <Filter Include="Externals\nlohmann">
      <UniqueIdentifier>{802b2618-684a-489e-97db-d1b7c4f22654}</UniqueIdentifier>
    </Filter>
  </ItemGroup>
</Project>