<?xml version="1.0" encoding="utf-8"?>
<Project ToolsVersion="4.0" xmlns="http://schemas.microsoft.com/developer/msbuild/2003">
  <ItemGroup>
    <Filter Include="class">
      <UniqueIdentifier>{1af02141-ea7e-42b9-bae5-350b9356d9c0}</UniqueIdentifier>
    </Filter>
    <Filter Include="scene">
      <UniqueIdentifier>{f5636492-1b68-4d4b-81fc-ef0451220007}</UniqueIdentifier>
    </Filter>
    <Filter Include="class\car">
      <UniqueIdentifier>{426dca7f-f954-4cc3-9054-b4c440d2e26d}</UniqueIdentifier>
    </Filter>
    <Filter Include="class\field">
      <UniqueIdentifier>{574d02c9-4b0d-4c46-afda-f6b62b227720}</UniqueIdentifier>
    </Filter>
    <Filter Include="class\particle">
      <UniqueIdentifier>{b66f49e3-ad7f-472e-9149-536945910205}</UniqueIdentifier>
    </Filter>
    <Filter Include="class\player">
      <UniqueIdentifier>{3eedb842-b825-4180-8bab-9ec1720e1665}</UniqueIdentifier>
    </Filter>
    <Filter Include="scene\Test">
      <UniqueIdentifier>{8e337633-aa46-4504-97ae-10ba7661fde0}</UniqueIdentifier>
    </Filter>
  </ItemGroup>
  <ItemGroup>
    <ClCompile Include="class\field\Field.cpp">
      <Filter>class\field</Filter>
    </ClCompile>
    <ClCompile Include="class\player\Bullet.cpp">
      <Filter>class\player</Filter>
    </ClCompile>
    <ClCompile Include="class\player\Drone.cpp">
      <Filter>class\player</Filter>
    </ClCompile>
    <ClCompile Include="class\player\Player.cpp">
      <Filter>class\player</Filter>
    </ClCompile>
    <ClCompile Include="scene\Test\AnimationTest.cpp">
      <Filter>scene\Test</Filter>
    </ClCompile>
    <ClCompile Include="scene\Test\ColliderTest.cpp">
      <Filter>scene\Test</Filter>
    </ClCompile>
    <ClCompile Include="scene\Test\LevelLoaderTest.cpp">
      <Filter>scene\Test</Filter>
    </ClCompile>
    <ClCompile Include="scene\Test\SkinningTest.cpp">
      <Filter>scene\Test</Filter>
    </ClCompile>
    <ClCompile Include="scene\GameScene.cpp">
      <Filter>scene</Filter>
    </ClCompile>
    <ClCompile Include="scene\NullScene.cpp">
      <Filter>scene</Filter>
    </ClCompile>
    <ClCompile Include="scene\Title.cpp">
      <Filter>scene</Filter>
    </ClCompile>
    <ClCompile Include="main.cpp" />
    <ClCompile Include="class\camera\CameraManager.cpp" />
    <ClCompile Include="class\enemy\EnemyManager.cpp" />
    <ClCompile Include="class\enemy\Enemy.cpp" />
    <ClCompile Include="class\player\guns\Pistol.cpp" />
  </ItemGroup>
  <ItemGroup>
    <ClInclude Include="class\field\Field.h">
      <Filter>class\field</Filter>
    </ClInclude>
    <ClInclude Include="class\particle\DamageParticle.h">
      <Filter>class\particle</Filter>
    </ClInclude>
    <ClInclude Include="class\particle\TerrainBulletParticle.h">
      <Filter>class\particle</Filter>
    </ClInclude>
    <ClInclude Include="class\player\Bullet.h">
      <Filter>class\player</Filter>
    </ClInclude>
    <ClInclude Include="class\player\Drone.h">
      <Filter>class\player</Filter>
    </ClInclude>
    <ClInclude Include="class\player\Player.h">
      <Filter>class\player</Filter>
    </ClInclude>
    <ClInclude Include="scene\Test\AnimationTest.h">
      <Filter>scene\Test</Filter>
    </ClInclude>
    <ClInclude Include="scene\Test\ColliderTest.h">
      <Filter>scene\Test</Filter>
    </ClInclude>
    <ClInclude Include="scene\Test\LevelLoaderTest.h">
      <Filter>scene\Test</Filter>
    </ClInclude>
    <ClInclude Include="scene\Test\SkinningTest.h">
      <Filter>scene\Test</Filter>
    </ClInclude>
    <ClInclude Include="scene\Test\TestIncludes.h">
      <Filter>scene\Test</Filter>
    </ClInclude>
    <ClInclude Include="scene\GameScene.h">
      <Filter>scene</Filter>
    </ClInclude>
    <ClInclude Include="scene\NullScene.h">
      <Filter>scene</Filter>
    </ClInclude>
    <ClInclude Include="scene\Title.h">
      <Filter>scene</Filter>
    </ClInclude>
    <ClInclude Include="class\camera\CameraManager.h" />
    <ClInclude Include="class\Behavior.h" />
    <ClInclude Include="class\enemy\EnemyManager.h" />
    <ClInclude Include="class\enemy\Enemy.h" />
    <ClInclude Include="class\player\guns\Pistol.h" />
  </ItemGroup>
</Project>